
Microsoft Visual Studio Solution File, Format Version 12.00
# Visual Studio 15
VisualStudioVersion = 15.0.27703.2042
MinimumVisualStudioVersion = 10.0.40219.1
Project("{FAE04EC0-301F-11D3-BF4B-00C04F79EFBC}") = "Serverless.Core", "Serverless.Core\Serverless.Core.csproj", "{67599862-EF7F-490D-9EAB-39D5EA2741BB}"
EndProject
Project("{9A19103F-16F7-4668-BE54-9A1E7A4F7556}") = "Serverless.Catalog.Api", "Serverless.Catalog.Api\Serverless.Catalog.Api.csproj", "{3AC49305-938A-442B-935F-CCDF94298639}"
EndProject
Global
	GlobalSection(SolutionConfigurationPlatforms) = preSolution
		Debug|Any CPU = Debug|Any CPU
		Release|Any CPU = Release|Any CPU
	EndGlobalSection
	GlobalSection(ProjectConfigurationPlatforms) = postSolution
		{67599862-EF7F-490D-9EAB-39D5EA2741BB}.Debug|Any CPU.ActiveCfg = Debug|Any CPU
		{67599862-EF7F-490D-9EAB-39D5EA2741BB}.Debug|Any CPU.Build.0 = Debug|Any CPU
		{67599862-EF7F-490D-9EAB-39D5EA2741BB}.Release|Any CPU.ActiveCfg = Release|Any CPU
		{67599862-EF7F-490D-9EAB-39D5EA2741BB}.Release|Any CPU.Build.0 = Release|Any CPU
		{3AC49305-938A-442B-935F-CCDF94298639}.Debug|Any CPU.ActiveCfg = Debug|Any CPU
		{3AC49305-938A-442B-935F-CCDF94298639}.Debug|Any CPU.Build.0 = Debug|Any CPU
		{3AC49305-938A-442B-935F-CCDF94298639}.Release|Any CPU.ActiveCfg = Release|Any CPU
		{3AC49305-938A-442B-935F-CCDF94298639}.Release|Any CPU.Build.0 = Release|Any CPU
	EndGlobalSection
	GlobalSection(SolutionProperties) = preSolution
		HideSolutionNode = FALSE
	EndGlobalSection
	GlobalSection(ExtensibilityGlobals) = postSolution
		SolutionGuid = {59E21E83-8110-4CD3-858A-867B2EAF2DB6}
	EndGlobalSection
EndGlobal
