
Microsoft Visual Studio Solution File, Format Version 12.00
# Visual Studio 15
VisualStudioVersion = 15.0.27703.2042
MinimumVisualStudioVersion = 10.0.40219.1
Project("{9A19103F-16F7-4668-BE54-9A1E7A4F7556}") = "Severless.Catalog.Api", "SeverlessFinal1\Severless.Catalog.Api.csproj", "{7136CD6A-5147-4EE2-9EC6-B7FAC27812C1}"
EndProject
Project("{FAE04EC0-301F-11D3-BF4B-00C04F79EFBC}") = "Serverless.Core", "Serverless.Core\Serverless.Core.csproj", "{FD6FC28E-F174-4D1A-A1A5-6F046975C199}"
EndProject
Project("{9A19103F-16F7-4668-BE54-9A1E7A4F7556}") = "Serverless.Client", "Serverless.Client\Serverless.Client.csproj", "{873512EE-AB1C-41FF-AD86-9CFB3897DC1D}"
EndProject
Global
	GlobalSection(SolutionConfigurationPlatforms) = preSolution
		Debug|Any CPU = Debug|Any CPU
		Release|Any CPU = Release|Any CPU
	EndGlobalSection
	GlobalSection(ProjectConfigurationPlatforms) = postSolution
		{7136CD6A-5147-4EE2-9EC6-B7FAC27812C1}.Debug|Any CPU.ActiveCfg = Debug|Any CPU
		{7136CD6A-5147-4EE2-9EC6-B7FAC27812C1}.Debug|Any CPU.Build.0 = Debug|Any CPU
		{7136CD6A-5147-4EE2-9EC6-B7FAC27812C1}.Release|Any CPU.ActiveCfg = Release|Any CPU
		{7136CD6A-5147-4EE2-9EC6-B7FAC27812C1}.Release|Any CPU.Build.0 = Release|Any CPU
		{FD6FC28E-F174-4D1A-A1A5-6F046975C199}.Debug|Any CPU.ActiveCfg = Debug|Any CPU
		{FD6FC28E-F174-4D1A-A1A5-6F046975C199}.Debug|Any CPU.Build.0 = Debug|Any CPU
		{FD6FC28E-F174-4D1A-A1A5-6F046975C199}.Release|Any CPU.ActiveCfg = Release|Any CPU
		{FD6FC28E-F174-4D1A-A1A5-6F046975C199}.Release|Any CPU.Build.0 = Release|Any CPU
		{873512EE-AB1C-41FF-AD86-9CFB3897DC1D}.Debug|Any CPU.ActiveCfg = Debug|Any CPU
		{873512EE-AB1C-41FF-AD86-9CFB3897DC1D}.Debug|Any CPU.Build.0 = Debug|Any CPU
		{873512EE-AB1C-41FF-AD86-9CFB3897DC1D}.Release|Any CPU.ActiveCfg = Release|Any CPU
		{873512EE-AB1C-41FF-AD86-9CFB3897DC1D}.Release|Any CPU.Build.0 = Release|Any CPU
	EndGlobalSection
	GlobalSection(SolutionProperties) = preSolution
		HideSolutionNode = FALSE
	EndGlobalSection
	GlobalSection(ExtensibilityGlobals) = postSolution
		SolutionGuid = {84F1E692-577F-4DE4-B6D4-6DF36263FE2F}
	EndGlobalSection
EndGlobal
