
Microsoft Visual Studio Solution File, Format Version 12.00
# Visual Studio 15
VisualStudioVersion = 15.0.28010.0
MinimumVisualStudioVersion = 10.0.40219.1
Project("{FAE04EC0-301F-11D3-BF4B-00C04F79EFBC}") = "XamarinApp.Android", "XamarinApp\XamarinApp.Android\XamarinApp.Android.csproj", "{FD5C3103-8B41-4ECB-95E0-CE6CBE269160}"
EndProject
Project("{FAE04EC0-301F-11D3-BF4B-00C04F79EFBC}") = "XamarinApp.iOS", "XamarinApp\XamarinApp.iOS\XamarinApp.iOS.csproj", "{C8FC90DB-929D-4078-8040-8CDB82E33F77}"
EndProject
Project("{FAE04EC0-301F-11D3-BF4B-00C04F79EFBC}") = "XamarinApp.UWP", "XamarinApp\XamarinApp.UWP\XamarinApp.UWP.csproj", "{B3420C8A-5083-4FC8-B04C-84CCEEAD0FB6}"
EndProject
Project("{9A19103F-16F7-4668-BE54-9A1E7A4F7556}") = "XamarinApp", "XamarinApp\XamarinApp\XamarinApp.csproj", "{6C2B7EE8-395E-4003-BB21-052EF603BC52}"
EndProject
Project("{2150E333-8FDC-42A3-9474-1A3956D46DE8}") = "Presentation", "Presentation", "{B4CB1EDB-352C-40C3-AB07-BB460B8390AD}"
EndProject
Project("{2150E333-8FDC-42A3-9474-1A3956D46DE8}") = "Services", "Services", "{4737400D-19C6-4FF9-9CEE-739D50BCADEE}"
EndProject
Project("{2150E333-8FDC-42A3-9474-1A3956D46DE8}") = "Data", "Data", "{2D2EA1F6-F14B-4576-B9E0-22BAB7C672BB}"
EndProject
Project("{9A19103F-16F7-4668-BE54-9A1E7A4F7556}") = "XamarinApp.WebAPI", "XamarinApp.WebAPI\XamarinApp.WebAPI.csproj", "{014A640B-C393-49AE-999A-5F6A55655860}"
EndProject
Project("{9A19103F-16F7-4668-BE54-9A1E7A4F7556}") = "XamarinApp.Domain", "XamarinApp.Domain\XamarinApp.Domain.csproj", "{2E3551CD-51B2-4F5B-BAD5-E6FD578EF0ED}"
EndProject
Project("{9A19103F-16F7-4668-BE54-9A1E7A4F7556}") = "XamarinApp.Application", "XamarinApp.Application\XamarinApp.Application.csproj", "{6E87E3A4-07AE-4F4A-971B-EDBCF0718241}"
EndProject
Project("{9A19103F-16F7-4668-BE54-9A1E7A4F7556}") = "XamarinApp.Persistence.Catalog", "XamarinApp.Persistence.Catalog\XamarinApp.Persistence.Catalog.csproj", "{A56DBA21-D91F-467B-9E82-B272389B1D89}"
EndProject
Project("{9A19103F-16F7-4668-BE54-9A1E7A4F7556}") = "XamarinApp.Persistence.Basket", "XamarinApp.Persistence.Basket\XamarinApp.Persistence.Basket.csproj", "{C0F7EBAE-FE70-4E0C-8869-C424F315A1FE}"
EndProject
Project("{FAE04EC0-301F-11D3-BF4B-00C04F79EFBC}") = "XamarinApp.Persistence.Location", "XamarinApp.Persistence.Location\XamarinApp.Persistence.Location.csproj", "{C18614A0-78A6-4DFA-881F-3429879B5106}"
EndProject
Project("{FAE04EC0-301F-11D3-BF4B-00C04F79EFBC}") = "XamarinApp.Identity.WebAPI", "XamarinApp.Identity.WebAPI\XamarinApp.Identity.WebAPI.csproj", "{033A513F-2EF2-4A79-8585-14D25847C742}"
EndProject
Global
	GlobalSection(SolutionConfigurationPlatforms) = preSolution
		Ad-Hoc|Any CPU = Ad-Hoc|Any CPU
		Ad-Hoc|ARM = Ad-Hoc|ARM
		Ad-Hoc|iPhone = Ad-Hoc|iPhone
		Ad-Hoc|iPhoneSimulator = Ad-Hoc|iPhoneSimulator
		Ad-Hoc|x64 = Ad-Hoc|x64
		Ad-Hoc|x86 = Ad-Hoc|x86
		AppStore|Any CPU = AppStore|Any CPU
		AppStore|ARM = AppStore|ARM
		AppStore|iPhone = AppStore|iPhone
		AppStore|iPhoneSimulator = AppStore|iPhoneSimulator
		AppStore|x64 = AppStore|x64
		AppStore|x86 = AppStore|x86
		Debug|Any CPU = Debug|Any CPU
		Debug|ARM = Debug|ARM
		Debug|iPhone = Debug|iPhone
		Debug|iPhoneSimulator = Debug|iPhoneSimulator
		Debug|x64 = Debug|x64
		Debug|x86 = Debug|x86
		Release|Any CPU = Release|Any CPU
		Release|ARM = Release|ARM
		Release|iPhone = Release|iPhone
		Release|iPhoneSimulator = Release|iPhoneSimulator
		Release|x64 = Release|x64
		Release|x86 = Release|x86
	EndGlobalSection
	GlobalSection(ProjectConfigurationPlatforms) = postSolution
		{FD5C3103-8B41-4ECB-95E0-CE6CBE269160}.Ad-Hoc|Any CPU.ActiveCfg = Release|Any CPU
		{FD5C3103-8B41-4ECB-95E0-CE6CBE269160}.Ad-Hoc|Any CPU.Build.0 = Release|Any CPU
		{FD5C3103-8B41-4ECB-95E0-CE6CBE269160}.Ad-Hoc|Any CPU.Deploy.0 = Release|Any CPU
		{FD5C3103-8B41-4ECB-95E0-CE6CBE269160}.Ad-Hoc|ARM.ActiveCfg = Release|Any CPU
		{FD5C3103-8B41-4ECB-95E0-CE6CBE269160}.Ad-Hoc|ARM.Build.0 = Release|Any CPU
		{FD5C3103-8B41-4ECB-95E0-CE6CBE269160}.Ad-Hoc|ARM.Deploy.0 = Release|Any CPU
		{FD5C3103-8B41-4ECB-95E0-CE6CBE269160}.Ad-Hoc|iPhone.ActiveCfg = Release|Any CPU
		{FD5C3103-8B41-4ECB-95E0-CE6CBE269160}.Ad-Hoc|iPhone.Build.0 = Release|Any CPU
		{FD5C3103-8B41-4ECB-95E0-CE6CBE269160}.Ad-Hoc|iPhone.Deploy.0 = Release|Any CPU
		{FD5C3103-8B41-4ECB-95E0-CE6CBE269160}.Ad-Hoc|iPhoneSimulator.ActiveCfg = Release|Any CPU
		{FD5C3103-8B41-4ECB-95E0-CE6CBE269160}.Ad-Hoc|iPhoneSimulator.Build.0 = Release|Any CPU
		{FD5C3103-8B41-4ECB-95E0-CE6CBE269160}.Ad-Hoc|iPhoneSimulator.Deploy.0 = Release|Any CPU
		{FD5C3103-8B41-4ECB-95E0-CE6CBE269160}.Ad-Hoc|x64.ActiveCfg = Release|Any CPU
		{FD5C3103-8B41-4ECB-95E0-CE6CBE269160}.Ad-Hoc|x64.Build.0 = Release|Any CPU
		{FD5C3103-8B41-4ECB-95E0-CE6CBE269160}.Ad-Hoc|x64.Deploy.0 = Release|Any CPU
		{FD5C3103-8B41-4ECB-95E0-CE6CBE269160}.Ad-Hoc|x86.ActiveCfg = Release|Any CPU
		{FD5C3103-8B41-4ECB-95E0-CE6CBE269160}.Ad-Hoc|x86.Build.0 = Release|Any CPU
		{FD5C3103-8B41-4ECB-95E0-CE6CBE269160}.Ad-Hoc|x86.Deploy.0 = Release|Any CPU
		{FD5C3103-8B41-4ECB-95E0-CE6CBE269160}.AppStore|Any CPU.ActiveCfg = Release|Any CPU
		{FD5C3103-8B41-4ECB-95E0-CE6CBE269160}.AppStore|Any CPU.Build.0 = Release|Any CPU
		{FD5C3103-8B41-4ECB-95E0-CE6CBE269160}.AppStore|Any CPU.Deploy.0 = Release|Any CPU
		{FD5C3103-8B41-4ECB-95E0-CE6CBE269160}.AppStore|ARM.ActiveCfg = Release|Any CPU
		{FD5C3103-8B41-4ECB-95E0-CE6CBE269160}.AppStore|ARM.Build.0 = Release|Any CPU
		{FD5C3103-8B41-4ECB-95E0-CE6CBE269160}.AppStore|ARM.Deploy.0 = Release|Any CPU
		{FD5C3103-8B41-4ECB-95E0-CE6CBE269160}.AppStore|iPhone.ActiveCfg = Release|Any CPU
		{FD5C3103-8B41-4ECB-95E0-CE6CBE269160}.AppStore|iPhone.Build.0 = Release|Any CPU
		{FD5C3103-8B41-4ECB-95E0-CE6CBE269160}.AppStore|iPhone.Deploy.0 = Release|Any CPU
		{FD5C3103-8B41-4ECB-95E0-CE6CBE269160}.AppStore|iPhoneSimulator.ActiveCfg = Release|Any CPU
		{FD5C3103-8B41-4ECB-95E0-CE6CBE269160}.AppStore|iPhoneSimulator.Build.0 = Release|Any CPU
		{FD5C3103-8B41-4ECB-95E0-CE6CBE269160}.AppStore|iPhoneSimulator.Deploy.0 = Release|Any CPU
		{FD5C3103-8B41-4ECB-95E0-CE6CBE269160}.AppStore|x64.ActiveCfg = Release|Any CPU
		{FD5C3103-8B41-4ECB-95E0-CE6CBE269160}.AppStore|x64.Build.0 = Release|Any CPU
		{FD5C3103-8B41-4ECB-95E0-CE6CBE269160}.AppStore|x64.Deploy.0 = Release|Any CPU
		{FD5C3103-8B41-4ECB-95E0-CE6CBE269160}.AppStore|x86.ActiveCfg = Release|Any CPU
		{FD5C3103-8B41-4ECB-95E0-CE6CBE269160}.AppStore|x86.Build.0 = Release|Any CPU
		{FD5C3103-8B41-4ECB-95E0-CE6CBE269160}.AppStore|x86.Deploy.0 = Release|Any CPU
		{FD5C3103-8B41-4ECB-95E0-CE6CBE269160}.Debug|Any CPU.ActiveCfg = Debug|Any CPU
		{FD5C3103-8B41-4ECB-95E0-CE6CBE269160}.Debug|Any CPU.Build.0 = Debug|Any CPU
		{FD5C3103-8B41-4ECB-95E0-CE6CBE269160}.Debug|Any CPU.Deploy.0 = Debug|Any CPU
		{FD5C3103-8B41-4ECB-95E0-CE6CBE269160}.Debug|ARM.ActiveCfg = Debug|Any CPU
		{FD5C3103-8B41-4ECB-95E0-CE6CBE269160}.Debug|ARM.Build.0 = Debug|Any CPU
		{FD5C3103-8B41-4ECB-95E0-CE6CBE269160}.Debug|ARM.Deploy.0 = Debug|Any CPU
		{FD5C3103-8B41-4ECB-95E0-CE6CBE269160}.Debug|iPhone.ActiveCfg = Debug|Any CPU
		{FD5C3103-8B41-4ECB-95E0-CE6CBE269160}.Debug|iPhone.Build.0 = Debug|Any CPU
		{FD5C3103-8B41-4ECB-95E0-CE6CBE269160}.Debug|iPhone.Deploy.0 = Debug|Any CPU
		{FD5C3103-8B41-4ECB-95E0-CE6CBE269160}.Debug|iPhoneSimulator.ActiveCfg = Debug|Any CPU
		{FD5C3103-8B41-4ECB-95E0-CE6CBE269160}.Debug|iPhoneSimulator.Build.0 = Debug|Any CPU
		{FD5C3103-8B41-4ECB-95E0-CE6CBE269160}.Debug|iPhoneSimulator.Deploy.0 = Debug|Any CPU
		{FD5C3103-8B41-4ECB-95E0-CE6CBE269160}.Debug|x64.ActiveCfg = Debug|Any CPU
		{FD5C3103-8B41-4ECB-95E0-CE6CBE269160}.Debug|x64.Build.0 = Debug|Any CPU
		{FD5C3103-8B41-4ECB-95E0-CE6CBE269160}.Debug|x64.Deploy.0 = Debug|Any CPU
		{FD5C3103-8B41-4ECB-95E0-CE6CBE269160}.Debug|x86.ActiveCfg = Debug|Any CPU
		{FD5C3103-8B41-4ECB-95E0-CE6CBE269160}.Debug|x86.Build.0 = Debug|Any CPU
		{FD5C3103-8B41-4ECB-95E0-CE6CBE269160}.Debug|x86.Deploy.0 = Debug|Any CPU
		{FD5C3103-8B41-4ECB-95E0-CE6CBE269160}.Release|Any CPU.ActiveCfg = Release|Any CPU
		{FD5C3103-8B41-4ECB-95E0-CE6CBE269160}.Release|Any CPU.Build.0 = Release|Any CPU
		{FD5C3103-8B41-4ECB-95E0-CE6CBE269160}.Release|Any CPU.Deploy.0 = Release|Any CPU
		{FD5C3103-8B41-4ECB-95E0-CE6CBE269160}.Release|ARM.ActiveCfg = Release|Any CPU
		{FD5C3103-8B41-4ECB-95E0-CE6CBE269160}.Release|ARM.Build.0 = Release|Any CPU
		{FD5C3103-8B41-4ECB-95E0-CE6CBE269160}.Release|ARM.Deploy.0 = Release|Any CPU
		{FD5C3103-8B41-4ECB-95E0-CE6CBE269160}.Release|iPhone.ActiveCfg = Release|Any CPU
		{FD5C3103-8B41-4ECB-95E0-CE6CBE269160}.Release|iPhone.Build.0 = Release|Any CPU
		{FD5C3103-8B41-4ECB-95E0-CE6CBE269160}.Release|iPhone.Deploy.0 = Release|Any CPU
		{FD5C3103-8B41-4ECB-95E0-CE6CBE269160}.Release|iPhoneSimulator.ActiveCfg = Release|Any CPU
		{FD5C3103-8B41-4ECB-95E0-CE6CBE269160}.Release|iPhoneSimulator.Build.0 = Release|Any CPU
		{FD5C3103-8B41-4ECB-95E0-CE6CBE269160}.Release|iPhoneSimulator.Deploy.0 = Release|Any CPU
		{FD5C3103-8B41-4ECB-95E0-CE6CBE269160}.Release|x64.ActiveCfg = Release|Any CPU
		{FD5C3103-8B41-4ECB-95E0-CE6CBE269160}.Release|x64.Build.0 = Release|Any CPU
		{FD5C3103-8B41-4ECB-95E0-CE6CBE269160}.Release|x64.Deploy.0 = Release|Any CPU
		{FD5C3103-8B41-4ECB-95E0-CE6CBE269160}.Release|x86.ActiveCfg = Release|Any CPU
		{FD5C3103-8B41-4ECB-95E0-CE6CBE269160}.Release|x86.Build.0 = Release|Any CPU
		{FD5C3103-8B41-4ECB-95E0-CE6CBE269160}.Release|x86.Deploy.0 = Release|Any CPU
		{C8FC90DB-929D-4078-8040-8CDB82E33F77}.Ad-Hoc|Any CPU.ActiveCfg = Ad-Hoc|iPhone
		{C8FC90DB-929D-4078-8040-8CDB82E33F77}.Ad-Hoc|Any CPU.Build.0 = Ad-Hoc|iPhone
		{C8FC90DB-929D-4078-8040-8CDB82E33F77}.Ad-Hoc|Any CPU.Deploy.0 = Ad-Hoc|iPhone
		{C8FC90DB-929D-4078-8040-8CDB82E33F77}.Ad-Hoc|ARM.ActiveCfg = Ad-Hoc|iPhone
		{C8FC90DB-929D-4078-8040-8CDB82E33F77}.Ad-Hoc|ARM.Build.0 = Ad-Hoc|iPhone
		{C8FC90DB-929D-4078-8040-8CDB82E33F77}.Ad-Hoc|ARM.Deploy.0 = Ad-Hoc|iPhone
		{C8FC90DB-929D-4078-8040-8CDB82E33F77}.Ad-Hoc|iPhone.ActiveCfg = Ad-Hoc|iPhone
		{C8FC90DB-929D-4078-8040-8CDB82E33F77}.Ad-Hoc|iPhone.Build.0 = Ad-Hoc|iPhone
		{C8FC90DB-929D-4078-8040-8CDB82E33F77}.Ad-Hoc|iPhone.Deploy.0 = Ad-Hoc|iPhone
		{C8FC90DB-929D-4078-8040-8CDB82E33F77}.Ad-Hoc|iPhoneSimulator.ActiveCfg = Ad-Hoc|iPhoneSimulator
		{C8FC90DB-929D-4078-8040-8CDB82E33F77}.Ad-Hoc|iPhoneSimulator.Build.0 = Ad-Hoc|iPhoneSimulator
		{C8FC90DB-929D-4078-8040-8CDB82E33F77}.Ad-Hoc|iPhoneSimulator.Deploy.0 = Ad-Hoc|iPhoneSimulator
		{C8FC90DB-929D-4078-8040-8CDB82E33F77}.Ad-Hoc|x64.ActiveCfg = Ad-Hoc|iPhone
		{C8FC90DB-929D-4078-8040-8CDB82E33F77}.Ad-Hoc|x64.Build.0 = Ad-Hoc|iPhone
		{C8FC90DB-929D-4078-8040-8CDB82E33F77}.Ad-Hoc|x64.Deploy.0 = Ad-Hoc|iPhone
		{C8FC90DB-929D-4078-8040-8CDB82E33F77}.Ad-Hoc|x86.ActiveCfg = Ad-Hoc|iPhone
		{C8FC90DB-929D-4078-8040-8CDB82E33F77}.Ad-Hoc|x86.Build.0 = Ad-Hoc|iPhone
		{C8FC90DB-929D-4078-8040-8CDB82E33F77}.Ad-Hoc|x86.Deploy.0 = Ad-Hoc|iPhone
		{C8FC90DB-929D-4078-8040-8CDB82E33F77}.AppStore|Any CPU.ActiveCfg = AppStore|iPhone
		{C8FC90DB-929D-4078-8040-8CDB82E33F77}.AppStore|Any CPU.Build.0 = AppStore|iPhone
		{C8FC90DB-929D-4078-8040-8CDB82E33F77}.AppStore|Any CPU.Deploy.0 = AppStore|iPhone
		{C8FC90DB-929D-4078-8040-8CDB82E33F77}.AppStore|ARM.ActiveCfg = AppStore|iPhone
		{C8FC90DB-929D-4078-8040-8CDB82E33F77}.AppStore|ARM.Build.0 = AppStore|iPhone
		{C8FC90DB-929D-4078-8040-8CDB82E33F77}.AppStore|ARM.Deploy.0 = AppStore|iPhone
		{C8FC90DB-929D-4078-8040-8CDB82E33F77}.AppStore|iPhone.ActiveCfg = AppStore|iPhone
		{C8FC90DB-929D-4078-8040-8CDB82E33F77}.AppStore|iPhone.Build.0 = AppStore|iPhone
		{C8FC90DB-929D-4078-8040-8CDB82E33F77}.AppStore|iPhone.Deploy.0 = AppStore|iPhone
		{C8FC90DB-929D-4078-8040-8CDB82E33F77}.AppStore|iPhoneSimulator.ActiveCfg = AppStore|iPhoneSimulator
		{C8FC90DB-929D-4078-8040-8CDB82E33F77}.AppStore|iPhoneSimulator.Build.0 = AppStore|iPhoneSimulator
		{C8FC90DB-929D-4078-8040-8CDB82E33F77}.AppStore|iPhoneSimulator.Deploy.0 = AppStore|iPhoneSimulator
		{C8FC90DB-929D-4078-8040-8CDB82E33F77}.AppStore|x64.ActiveCfg = AppStore|iPhone
		{C8FC90DB-929D-4078-8040-8CDB82E33F77}.AppStore|x64.Build.0 = AppStore|iPhone
		{C8FC90DB-929D-4078-8040-8CDB82E33F77}.AppStore|x64.Deploy.0 = AppStore|iPhone
		{C8FC90DB-929D-4078-8040-8CDB82E33F77}.AppStore|x86.ActiveCfg = AppStore|iPhone
		{C8FC90DB-929D-4078-8040-8CDB82E33F77}.AppStore|x86.Build.0 = AppStore|iPhone
		{C8FC90DB-929D-4078-8040-8CDB82E33F77}.AppStore|x86.Deploy.0 = AppStore|iPhone
		{C8FC90DB-929D-4078-8040-8CDB82E33F77}.Debug|Any CPU.ActiveCfg = Debug|iPhoneSimulator
		{C8FC90DB-929D-4078-8040-8CDB82E33F77}.Debug|Any CPU.Build.0 = Debug|iPhoneSimulator
		{C8FC90DB-929D-4078-8040-8CDB82E33F77}.Debug|Any CPU.Deploy.0 = Debug|iPhoneSimulator
		{C8FC90DB-929D-4078-8040-8CDB82E33F77}.Debug|ARM.ActiveCfg = Debug|iPhone
		{C8FC90DB-929D-4078-8040-8CDB82E33F77}.Debug|ARM.Build.0 = Debug|iPhone
		{C8FC90DB-929D-4078-8040-8CDB82E33F77}.Debug|ARM.Deploy.0 = Debug|iPhone
		{C8FC90DB-929D-4078-8040-8CDB82E33F77}.Debug|iPhone.ActiveCfg = Debug|iPhone
		{C8FC90DB-929D-4078-8040-8CDB82E33F77}.Debug|iPhone.Build.0 = Debug|iPhone
		{C8FC90DB-929D-4078-8040-8CDB82E33F77}.Debug|iPhone.Deploy.0 = Debug|iPhone
		{C8FC90DB-929D-4078-8040-8CDB82E33F77}.Debug|iPhoneSimulator.ActiveCfg = Debug|iPhoneSimulator
		{C8FC90DB-929D-4078-8040-8CDB82E33F77}.Debug|iPhoneSimulator.Build.0 = Debug|iPhoneSimulator
		{C8FC90DB-929D-4078-8040-8CDB82E33F77}.Debug|iPhoneSimulator.Deploy.0 = Debug|iPhoneSimulator
		{C8FC90DB-929D-4078-8040-8CDB82E33F77}.Debug|x64.ActiveCfg = Debug|iPhone
		{C8FC90DB-929D-4078-8040-8CDB82E33F77}.Debug|x64.Build.0 = Debug|iPhone
		{C8FC90DB-929D-4078-8040-8CDB82E33F77}.Debug|x64.Deploy.0 = Debug|iPhone
		{C8FC90DB-929D-4078-8040-8CDB82E33F77}.Debug|x86.ActiveCfg = Debug|iPhone
		{C8FC90DB-929D-4078-8040-8CDB82E33F77}.Debug|x86.Build.0 = Debug|iPhone
		{C8FC90DB-929D-4078-8040-8CDB82E33F77}.Debug|x86.Deploy.0 = Debug|iPhone
		{C8FC90DB-929D-4078-8040-8CDB82E33F77}.Release|Any CPU.ActiveCfg = Release|iPhone
		{C8FC90DB-929D-4078-8040-8CDB82E33F77}.Release|Any CPU.Build.0 = Release|iPhone
		{C8FC90DB-929D-4078-8040-8CDB82E33F77}.Release|Any CPU.Deploy.0 = Release|iPhone
		{C8FC90DB-929D-4078-8040-8CDB82E33F77}.Release|ARM.ActiveCfg = Release|iPhone
		{C8FC90DB-929D-4078-8040-8CDB82E33F77}.Release|ARM.Build.0 = Release|iPhone
		{C8FC90DB-929D-4078-8040-8CDB82E33F77}.Release|ARM.Deploy.0 = Release|iPhone
		{C8FC90DB-929D-4078-8040-8CDB82E33F77}.Release|iPhone.ActiveCfg = Release|iPhone
		{C8FC90DB-929D-4078-8040-8CDB82E33F77}.Release|iPhone.Build.0 = Release|iPhone
		{C8FC90DB-929D-4078-8040-8CDB82E33F77}.Release|iPhone.Deploy.0 = Release|iPhone
		{C8FC90DB-929D-4078-8040-8CDB82E33F77}.Release|iPhoneSimulator.ActiveCfg = Release|iPhoneSimulator
		{C8FC90DB-929D-4078-8040-8CDB82E33F77}.Release|iPhoneSimulator.Build.0 = Release|iPhoneSimulator
		{C8FC90DB-929D-4078-8040-8CDB82E33F77}.Release|iPhoneSimulator.Deploy.0 = Release|iPhoneSimulator
		{C8FC90DB-929D-4078-8040-8CDB82E33F77}.Release|x64.ActiveCfg = Release|iPhone
		{C8FC90DB-929D-4078-8040-8CDB82E33F77}.Release|x64.Build.0 = Release|iPhone
		{C8FC90DB-929D-4078-8040-8CDB82E33F77}.Release|x64.Deploy.0 = Release|iPhone
		{C8FC90DB-929D-4078-8040-8CDB82E33F77}.Release|x86.ActiveCfg = Release|iPhone
		{C8FC90DB-929D-4078-8040-8CDB82E33F77}.Release|x86.Build.0 = Release|iPhone
		{C8FC90DB-929D-4078-8040-8CDB82E33F77}.Release|x86.Deploy.0 = Release|iPhone
		{B3420C8A-5083-4FC8-B04C-84CCEEAD0FB6}.Ad-Hoc|Any CPU.ActiveCfg = Release|x86
		{B3420C8A-5083-4FC8-B04C-84CCEEAD0FB6}.Ad-Hoc|Any CPU.Build.0 = Release|x86
		{B3420C8A-5083-4FC8-B04C-84CCEEAD0FB6}.Ad-Hoc|Any CPU.Deploy.0 = Release|x86
		{B3420C8A-5083-4FC8-B04C-84CCEEAD0FB6}.Ad-Hoc|ARM.ActiveCfg = Release|ARM
		{B3420C8A-5083-4FC8-B04C-84CCEEAD0FB6}.Ad-Hoc|ARM.Build.0 = Release|ARM
		{B3420C8A-5083-4FC8-B04C-84CCEEAD0FB6}.Ad-Hoc|ARM.Deploy.0 = Release|ARM
		{B3420C8A-5083-4FC8-B04C-84CCEEAD0FB6}.Ad-Hoc|iPhone.ActiveCfg = Release|x86
		{B3420C8A-5083-4FC8-B04C-84CCEEAD0FB6}.Ad-Hoc|iPhone.Build.0 = Release|x86
		{B3420C8A-5083-4FC8-B04C-84CCEEAD0FB6}.Ad-Hoc|iPhone.Deploy.0 = Release|x86
		{B3420C8A-5083-4FC8-B04C-84CCEEAD0FB6}.Ad-Hoc|iPhoneSimulator.ActiveCfg = Release|x86
		{B3420C8A-5083-4FC8-B04C-84CCEEAD0FB6}.Ad-Hoc|iPhoneSimulator.Build.0 = Release|x86
		{B3420C8A-5083-4FC8-B04C-84CCEEAD0FB6}.Ad-Hoc|iPhoneSimulator.Deploy.0 = Release|x86
		{B3420C8A-5083-4FC8-B04C-84CCEEAD0FB6}.Ad-Hoc|x64.ActiveCfg = Release|x64
		{B3420C8A-5083-4FC8-B04C-84CCEEAD0FB6}.Ad-Hoc|x64.Build.0 = Release|x64
		{B3420C8A-5083-4FC8-B04C-84CCEEAD0FB6}.Ad-Hoc|x64.Deploy.0 = Release|x64
		{B3420C8A-5083-4FC8-B04C-84CCEEAD0FB6}.Ad-Hoc|x86.ActiveCfg = Release|x86
		{B3420C8A-5083-4FC8-B04C-84CCEEAD0FB6}.Ad-Hoc|x86.Build.0 = Release|x86
		{B3420C8A-5083-4FC8-B04C-84CCEEAD0FB6}.Ad-Hoc|x86.Deploy.0 = Release|x86
		{B3420C8A-5083-4FC8-B04C-84CCEEAD0FB6}.AppStore|Any CPU.ActiveCfg = Release|x86
		{B3420C8A-5083-4FC8-B04C-84CCEEAD0FB6}.AppStore|Any CPU.Build.0 = Release|x86
		{B3420C8A-5083-4FC8-B04C-84CCEEAD0FB6}.AppStore|Any CPU.Deploy.0 = Release|x86
		{B3420C8A-5083-4FC8-B04C-84CCEEAD0FB6}.AppStore|ARM.ActiveCfg = Release|ARM
		{B3420C8A-5083-4FC8-B04C-84CCEEAD0FB6}.AppStore|ARM.Build.0 = Release|ARM
		{B3420C8A-5083-4FC8-B04C-84CCEEAD0FB6}.AppStore|ARM.Deploy.0 = Release|ARM
		{B3420C8A-5083-4FC8-B04C-84CCEEAD0FB6}.AppStore|iPhone.ActiveCfg = Release|x86
		{B3420C8A-5083-4FC8-B04C-84CCEEAD0FB6}.AppStore|iPhone.Build.0 = Release|x86
		{B3420C8A-5083-4FC8-B04C-84CCEEAD0FB6}.AppStore|iPhone.Deploy.0 = Release|x86
		{B3420C8A-5083-4FC8-B04C-84CCEEAD0FB6}.AppStore|iPhoneSimulator.ActiveCfg = Release|x86
		{B3420C8A-5083-4FC8-B04C-84CCEEAD0FB6}.AppStore|iPhoneSimulator.Build.0 = Release|x86
		{B3420C8A-5083-4FC8-B04C-84CCEEAD0FB6}.AppStore|iPhoneSimulator.Deploy.0 = Release|x86
		{B3420C8A-5083-4FC8-B04C-84CCEEAD0FB6}.AppStore|x64.ActiveCfg = Release|x64
		{B3420C8A-5083-4FC8-B04C-84CCEEAD0FB6}.AppStore|x64.Build.0 = Release|x64
		{B3420C8A-5083-4FC8-B04C-84CCEEAD0FB6}.AppStore|x64.Deploy.0 = Release|x64
		{B3420C8A-5083-4FC8-B04C-84CCEEAD0FB6}.AppStore|x86.ActiveCfg = Release|x86
		{B3420C8A-5083-4FC8-B04C-84CCEEAD0FB6}.AppStore|x86.Build.0 = Release|x86
		{B3420C8A-5083-4FC8-B04C-84CCEEAD0FB6}.AppStore|x86.Deploy.0 = Release|x86
		{B3420C8A-5083-4FC8-B04C-84CCEEAD0FB6}.Debug|Any CPU.ActiveCfg = Debug|x86
		{B3420C8A-5083-4FC8-B04C-84CCEEAD0FB6}.Debug|Any CPU.Build.0 = Debug|x86
		{B3420C8A-5083-4FC8-B04C-84CCEEAD0FB6}.Debug|Any CPU.Deploy.0 = Debug|x86
		{B3420C8A-5083-4FC8-B04C-84CCEEAD0FB6}.Debug|ARM.ActiveCfg = Debug|ARM
		{B3420C8A-5083-4FC8-B04C-84CCEEAD0FB6}.Debug|ARM.Build.0 = Debug|ARM
		{B3420C8A-5083-4FC8-B04C-84CCEEAD0FB6}.Debug|ARM.Deploy.0 = Debug|ARM
		{B3420C8A-5083-4FC8-B04C-84CCEEAD0FB6}.Debug|iPhone.ActiveCfg = Debug|x86
		{B3420C8A-5083-4FC8-B04C-84CCEEAD0FB6}.Debug|iPhone.Build.0 = Debug|x86
		{B3420C8A-5083-4FC8-B04C-84CCEEAD0FB6}.Debug|iPhone.Deploy.0 = Debug|x86
		{B3420C8A-5083-4FC8-B04C-84CCEEAD0FB6}.Debug|iPhoneSimulator.ActiveCfg = Debug|x86
		{B3420C8A-5083-4FC8-B04C-84CCEEAD0FB6}.Debug|iPhoneSimulator.Build.0 = Debug|x86
		{B3420C8A-5083-4FC8-B04C-84CCEEAD0FB6}.Debug|iPhoneSimulator.Deploy.0 = Debug|x86
		{B3420C8A-5083-4FC8-B04C-84CCEEAD0FB6}.Debug|x64.ActiveCfg = Debug|x64
		{B3420C8A-5083-4FC8-B04C-84CCEEAD0FB6}.Debug|x64.Build.0 = Debug|x64
		{B3420C8A-5083-4FC8-B04C-84CCEEAD0FB6}.Debug|x64.Deploy.0 = Debug|x64
		{B3420C8A-5083-4FC8-B04C-84CCEEAD0FB6}.Debug|x86.ActiveCfg = Debug|x86
		{B3420C8A-5083-4FC8-B04C-84CCEEAD0FB6}.Debug|x86.Build.0 = Debug|x86
		{B3420C8A-5083-4FC8-B04C-84CCEEAD0FB6}.Debug|x86.Deploy.0 = Debug|x86
		{B3420C8A-5083-4FC8-B04C-84CCEEAD0FB6}.Release|Any CPU.ActiveCfg = Release|x86
		{B3420C8A-5083-4FC8-B04C-84CCEEAD0FB6}.Release|Any CPU.Build.0 = Release|x86
		{B3420C8A-5083-4FC8-B04C-84CCEEAD0FB6}.Release|Any CPU.Deploy.0 = Release|x86
		{B3420C8A-5083-4FC8-B04C-84CCEEAD0FB6}.Release|ARM.ActiveCfg = Release|ARM
		{B3420C8A-5083-4FC8-B04C-84CCEEAD0FB6}.Release|ARM.Build.0 = Release|ARM
		{B3420C8A-5083-4FC8-B04C-84CCEEAD0FB6}.Release|ARM.Deploy.0 = Release|ARM
		{B3420C8A-5083-4FC8-B04C-84CCEEAD0FB6}.Release|iPhone.ActiveCfg = Release|x86
		{B3420C8A-5083-4FC8-B04C-84CCEEAD0FB6}.Release|iPhone.Build.0 = Release|x86
		{B3420C8A-5083-4FC8-B04C-84CCEEAD0FB6}.Release|iPhone.Deploy.0 = Release|x86
		{B3420C8A-5083-4FC8-B04C-84CCEEAD0FB6}.Release|iPhoneSimulator.ActiveCfg = Release|x86
		{B3420C8A-5083-4FC8-B04C-84CCEEAD0FB6}.Release|iPhoneSimulator.Build.0 = Release|x86
		{B3420C8A-5083-4FC8-B04C-84CCEEAD0FB6}.Release|iPhoneSimulator.Deploy.0 = Release|x86
		{B3420C8A-5083-4FC8-B04C-84CCEEAD0FB6}.Release|x64.ActiveCfg = Release|x64
		{B3420C8A-5083-4FC8-B04C-84CCEEAD0FB6}.Release|x64.Build.0 = Release|x64
		{B3420C8A-5083-4FC8-B04C-84CCEEAD0FB6}.Release|x64.Deploy.0 = Release|x64
		{B3420C8A-5083-4FC8-B04C-84CCEEAD0FB6}.Release|x86.ActiveCfg = Release|x86
		{B3420C8A-5083-4FC8-B04C-84CCEEAD0FB6}.Release|x86.Build.0 = Release|x86
		{B3420C8A-5083-4FC8-B04C-84CCEEAD0FB6}.Release|x86.Deploy.0 = Release|x86
		{6C2B7EE8-395E-4003-BB21-052EF603BC52}.Ad-Hoc|Any CPU.ActiveCfg = Debug|Any CPU
		{6C2B7EE8-395E-4003-BB21-052EF603BC52}.Ad-Hoc|Any CPU.Build.0 = Debug|Any CPU
		{6C2B7EE8-395E-4003-BB21-052EF603BC52}.Ad-Hoc|Any CPU.Deploy.0 = Debug|Any CPU
		{6C2B7EE8-395E-4003-BB21-052EF603BC52}.Ad-Hoc|ARM.ActiveCfg = Debug|Any CPU
		{6C2B7EE8-395E-4003-BB21-052EF603BC52}.Ad-Hoc|ARM.Build.0 = Debug|Any CPU
		{6C2B7EE8-395E-4003-BB21-052EF603BC52}.Ad-Hoc|ARM.Deploy.0 = Debug|Any CPU
		{6C2B7EE8-395E-4003-BB21-052EF603BC52}.Ad-Hoc|iPhone.ActiveCfg = Debug|Any CPU
		{6C2B7EE8-395E-4003-BB21-052EF603BC52}.Ad-Hoc|iPhone.Build.0 = Debug|Any CPU
		{6C2B7EE8-395E-4003-BB21-052EF603BC52}.Ad-Hoc|iPhone.Deploy.0 = Debug|Any CPU
		{6C2B7EE8-395E-4003-BB21-052EF603BC52}.Ad-Hoc|iPhoneSimulator.ActiveCfg = Debug|Any CPU
		{6C2B7EE8-395E-4003-BB21-052EF603BC52}.Ad-Hoc|iPhoneSimulator.Build.0 = Debug|Any CPU
		{6C2B7EE8-395E-4003-BB21-052EF603BC52}.Ad-Hoc|iPhoneSimulator.Deploy.0 = Debug|Any CPU
		{6C2B7EE8-395E-4003-BB21-052EF603BC52}.Ad-Hoc|x64.ActiveCfg = Debug|Any CPU
		{6C2B7EE8-395E-4003-BB21-052EF603BC52}.Ad-Hoc|x64.Build.0 = Debug|Any CPU
		{6C2B7EE8-395E-4003-BB21-052EF603BC52}.Ad-Hoc|x64.Deploy.0 = Debug|Any CPU
		{6C2B7EE8-395E-4003-BB21-052EF603BC52}.Ad-Hoc|x86.ActiveCfg = Debug|Any CPU
		{6C2B7EE8-395E-4003-BB21-052EF603BC52}.Ad-Hoc|x86.Build.0 = Debug|Any CPU
		{6C2B7EE8-395E-4003-BB21-052EF603BC52}.Ad-Hoc|x86.Deploy.0 = Debug|Any CPU
		{6C2B7EE8-395E-4003-BB21-052EF603BC52}.AppStore|Any CPU.ActiveCfg = Debug|Any CPU
		{6C2B7EE8-395E-4003-BB21-052EF603BC52}.AppStore|Any CPU.Build.0 = Debug|Any CPU
		{6C2B7EE8-395E-4003-BB21-052EF603BC52}.AppStore|Any CPU.Deploy.0 = Debug|Any CPU
		{6C2B7EE8-395E-4003-BB21-052EF603BC52}.AppStore|ARM.ActiveCfg = Debug|Any CPU
		{6C2B7EE8-395E-4003-BB21-052EF603BC52}.AppStore|ARM.Build.0 = Debug|Any CPU
		{6C2B7EE8-395E-4003-BB21-052EF603BC52}.AppStore|ARM.Deploy.0 = Debug|Any CPU
		{6C2B7EE8-395E-4003-BB21-052EF603BC52}.AppStore|iPhone.ActiveCfg = Debug|Any CPU
		{6C2B7EE8-395E-4003-BB21-052EF603BC52}.AppStore|iPhone.Build.0 = Debug|Any CPU
		{6C2B7EE8-395E-4003-BB21-052EF603BC52}.AppStore|iPhone.Deploy.0 = Debug|Any CPU
		{6C2B7EE8-395E-4003-BB21-052EF603BC52}.AppStore|iPhoneSimulator.ActiveCfg = Debug|Any CPU
		{6C2B7EE8-395E-4003-BB21-052EF603BC52}.AppStore|iPhoneSimulator.Build.0 = Debug|Any CPU
		{6C2B7EE8-395E-4003-BB21-052EF603BC52}.AppStore|iPhoneSimulator.Deploy.0 = Debug|Any CPU
		{6C2B7EE8-395E-4003-BB21-052EF603BC52}.AppStore|x64.ActiveCfg = Debug|Any CPU
		{6C2B7EE8-395E-4003-BB21-052EF603BC52}.AppStore|x64.Build.0 = Debug|Any CPU
		{6C2B7EE8-395E-4003-BB21-052EF603BC52}.AppStore|x64.Deploy.0 = Debug|Any CPU
		{6C2B7EE8-395E-4003-BB21-052EF603BC52}.AppStore|x86.ActiveCfg = Debug|Any CPU
		{6C2B7EE8-395E-4003-BB21-052EF603BC52}.AppStore|x86.Build.0 = Debug|Any CPU
		{6C2B7EE8-395E-4003-BB21-052EF603BC52}.AppStore|x86.Deploy.0 = Debug|Any CPU
		{6C2B7EE8-395E-4003-BB21-052EF603BC52}.Debug|Any CPU.ActiveCfg = Debug|Any CPU
		{6C2B7EE8-395E-4003-BB21-052EF603BC52}.Debug|Any CPU.Build.0 = Debug|Any CPU
		{6C2B7EE8-395E-4003-BB21-052EF603BC52}.Debug|Any CPU.Deploy.0 = Debug|Any CPU
		{6C2B7EE8-395E-4003-BB21-052EF603BC52}.Debug|ARM.ActiveCfg = Debug|Any CPU
		{6C2B7EE8-395E-4003-BB21-052EF603BC52}.Debug|ARM.Build.0 = Debug|Any CPU
		{6C2B7EE8-395E-4003-BB21-052EF603BC52}.Debug|ARM.Deploy.0 = Debug|Any CPU
		{6C2B7EE8-395E-4003-BB21-052EF603BC52}.Debug|iPhone.ActiveCfg = Debug|Any CPU
		{6C2B7EE8-395E-4003-BB21-052EF603BC52}.Debug|iPhone.Build.0 = Debug|Any CPU
		{6C2B7EE8-395E-4003-BB21-052EF603BC52}.Debug|iPhone.Deploy.0 = Debug|Any CPU
		{6C2B7EE8-395E-4003-BB21-052EF603BC52}.Debug|iPhoneSimulator.ActiveCfg = Debug|Any CPU
		{6C2B7EE8-395E-4003-BB21-052EF603BC52}.Debug|iPhoneSimulator.Build.0 = Debug|Any CPU
		{6C2B7EE8-395E-4003-BB21-052EF603BC52}.Debug|iPhoneSimulator.Deploy.0 = Debug|Any CPU
		{6C2B7EE8-395E-4003-BB21-052EF603BC52}.Debug|x64.ActiveCfg = Debug|Any CPU
		{6C2B7EE8-395E-4003-BB21-052EF603BC52}.Debug|x64.Build.0 = Debug|Any CPU
		{6C2B7EE8-395E-4003-BB21-052EF603BC52}.Debug|x64.Deploy.0 = Debug|Any CPU
		{6C2B7EE8-395E-4003-BB21-052EF603BC52}.Debug|x86.ActiveCfg = Debug|Any CPU
		{6C2B7EE8-395E-4003-BB21-052EF603BC52}.Debug|x86.Build.0 = Debug|Any CPU
		{6C2B7EE8-395E-4003-BB21-052EF603BC52}.Debug|x86.Deploy.0 = Debug|Any CPU
		{6C2B7EE8-395E-4003-BB21-052EF603BC52}.Release|Any CPU.ActiveCfg = Release|Any CPU
		{6C2B7EE8-395E-4003-BB21-052EF603BC52}.Release|Any CPU.Build.0 = Release|Any CPU
		{6C2B7EE8-395E-4003-BB21-052EF603BC52}.Release|Any CPU.Deploy.0 = Release|Any CPU
		{6C2B7EE8-395E-4003-BB21-052EF603BC52}.Release|ARM.ActiveCfg = Release|Any CPU
		{6C2B7EE8-395E-4003-BB21-052EF603BC52}.Release|ARM.Build.0 = Release|Any CPU
		{6C2B7EE8-395E-4003-BB21-052EF603BC52}.Release|ARM.Deploy.0 = Release|Any CPU
		{6C2B7EE8-395E-4003-BB21-052EF603BC52}.Release|iPhone.ActiveCfg = Release|Any CPU
		{6C2B7EE8-395E-4003-BB21-052EF603BC52}.Release|iPhone.Build.0 = Release|Any CPU
		{6C2B7EE8-395E-4003-BB21-052EF603BC52}.Release|iPhone.Deploy.0 = Release|Any CPU
		{6C2B7EE8-395E-4003-BB21-052EF603BC52}.Release|iPhoneSimulator.ActiveCfg = Release|Any CPU
		{6C2B7EE8-395E-4003-BB21-052EF603BC52}.Release|iPhoneSimulator.Build.0 = Release|Any CPU
		{6C2B7EE8-395E-4003-BB21-052EF603BC52}.Release|iPhoneSimulator.Deploy.0 = Release|Any CPU
		{6C2B7EE8-395E-4003-BB21-052EF603BC52}.Release|x64.ActiveCfg = Release|Any CPU
		{6C2B7EE8-395E-4003-BB21-052EF603BC52}.Release|x64.Build.0 = Release|Any CPU
		{6C2B7EE8-395E-4003-BB21-052EF603BC52}.Release|x64.Deploy.0 = Release|Any CPU
		{6C2B7EE8-395E-4003-BB21-052EF603BC52}.Release|x86.ActiveCfg = Release|Any CPU
		{6C2B7EE8-395E-4003-BB21-052EF603BC52}.Release|x86.Build.0 = Release|Any CPU
		{6C2B7EE8-395E-4003-BB21-052EF603BC52}.Release|x86.Deploy.0 = Release|Any CPU
		{014A640B-C393-49AE-999A-5F6A55655860}.Ad-Hoc|Any CPU.ActiveCfg = Debug|Any CPU
		{014A640B-C393-49AE-999A-5F6A55655860}.Ad-Hoc|Any CPU.Build.0 = Debug|Any CPU
		{014A640B-C393-49AE-999A-5F6A55655860}.Ad-Hoc|ARM.ActiveCfg = Debug|Any CPU
		{014A640B-C393-49AE-999A-5F6A55655860}.Ad-Hoc|ARM.Build.0 = Debug|Any CPU
		{014A640B-C393-49AE-999A-5F6A55655860}.Ad-Hoc|iPhone.ActiveCfg = Debug|Any CPU
		{014A640B-C393-49AE-999A-5F6A55655860}.Ad-Hoc|iPhone.Build.0 = Debug|Any CPU
		{014A640B-C393-49AE-999A-5F6A55655860}.Ad-Hoc|iPhoneSimulator.ActiveCfg = Debug|Any CPU
		{014A640B-C393-49AE-999A-5F6A55655860}.Ad-Hoc|iPhoneSimulator.Build.0 = Debug|Any CPU
		{014A640B-C393-49AE-999A-5F6A55655860}.Ad-Hoc|x64.ActiveCfg = Debug|Any CPU
		{014A640B-C393-49AE-999A-5F6A55655860}.Ad-Hoc|x64.Build.0 = Debug|Any CPU
		{014A640B-C393-49AE-999A-5F6A55655860}.Ad-Hoc|x86.ActiveCfg = Debug|Any CPU
		{014A640B-C393-49AE-999A-5F6A55655860}.Ad-Hoc|x86.Build.0 = Debug|Any CPU
		{014A640B-C393-49AE-999A-5F6A55655860}.AppStore|Any CPU.ActiveCfg = Debug|Any CPU
		{014A640B-C393-49AE-999A-5F6A55655860}.AppStore|Any CPU.Build.0 = Debug|Any CPU
		{014A640B-C393-49AE-999A-5F6A55655860}.AppStore|ARM.ActiveCfg = Debug|Any CPU
		{014A640B-C393-49AE-999A-5F6A55655860}.AppStore|ARM.Build.0 = Debug|Any CPU
		{014A640B-C393-49AE-999A-5F6A55655860}.AppStore|iPhone.ActiveCfg = Debug|Any CPU
		{014A640B-C393-49AE-999A-5F6A55655860}.AppStore|iPhone.Build.0 = Debug|Any CPU
		{014A640B-C393-49AE-999A-5F6A55655860}.AppStore|iPhoneSimulator.ActiveCfg = Debug|Any CPU
		{014A640B-C393-49AE-999A-5F6A55655860}.AppStore|iPhoneSimulator.Build.0 = Debug|Any CPU
		{014A640B-C393-49AE-999A-5F6A55655860}.AppStore|x64.ActiveCfg = Debug|Any CPU
		{014A640B-C393-49AE-999A-5F6A55655860}.AppStore|x64.Build.0 = Debug|Any CPU
		{014A640B-C393-49AE-999A-5F6A55655860}.AppStore|x86.ActiveCfg = Debug|Any CPU
		{014A640B-C393-49AE-999A-5F6A55655860}.AppStore|x86.Build.0 = Debug|Any CPU
		{014A640B-C393-49AE-999A-5F6A55655860}.Debug|Any CPU.ActiveCfg = Debug|Any CPU
		{014A640B-C393-49AE-999A-5F6A55655860}.Debug|Any CPU.Build.0 = Debug|Any CPU
		{014A640B-C393-49AE-999A-5F6A55655860}.Debug|ARM.ActiveCfg = Debug|Any CPU
		{014A640B-C393-49AE-999A-5F6A55655860}.Debug|ARM.Build.0 = Debug|Any CPU
		{014A640B-C393-49AE-999A-5F6A55655860}.Debug|iPhone.ActiveCfg = Debug|Any CPU
		{014A640B-C393-49AE-999A-5F6A55655860}.Debug|iPhone.Build.0 = Debug|Any CPU
		{014A640B-C393-49AE-999A-5F6A55655860}.Debug|iPhoneSimulator.ActiveCfg = Debug|Any CPU
		{014A640B-C393-49AE-999A-5F6A55655860}.Debug|iPhoneSimulator.Build.0 = Debug|Any CPU
		{014A640B-C393-49AE-999A-5F6A55655860}.Debug|x64.ActiveCfg = Debug|Any CPU
		{014A640B-C393-49AE-999A-5F6A55655860}.Debug|x64.Build.0 = Debug|Any CPU
		{014A640B-C393-49AE-999A-5F6A55655860}.Debug|x86.ActiveCfg = Debug|Any CPU
		{014A640B-C393-49AE-999A-5F6A55655860}.Debug|x86.Build.0 = Debug|Any CPU
		{014A640B-C393-49AE-999A-5F6A55655860}.Release|Any CPU.ActiveCfg = Release|Any CPU
		{014A640B-C393-49AE-999A-5F6A55655860}.Release|Any CPU.Build.0 = Release|Any CPU
		{014A640B-C393-49AE-999A-5F6A55655860}.Release|ARM.ActiveCfg = Release|Any CPU
		{014A640B-C393-49AE-999A-5F6A55655860}.Release|ARM.Build.0 = Release|Any CPU
		{014A640B-C393-49AE-999A-5F6A55655860}.Release|iPhone.ActiveCfg = Release|Any CPU
		{014A640B-C393-49AE-999A-5F6A55655860}.Release|iPhone.Build.0 = Release|Any CPU
		{014A640B-C393-49AE-999A-5F6A55655860}.Release|iPhoneSimulator.ActiveCfg = Release|Any CPU
		{014A640B-C393-49AE-999A-5F6A55655860}.Release|iPhoneSimulator.Build.0 = Release|Any CPU
		{014A640B-C393-49AE-999A-5F6A55655860}.Release|x64.ActiveCfg = Release|Any CPU
		{014A640B-C393-49AE-999A-5F6A55655860}.Release|x64.Build.0 = Release|Any CPU
		{014A640B-C393-49AE-999A-5F6A55655860}.Release|x86.ActiveCfg = Release|Any CPU
		{014A640B-C393-49AE-999A-5F6A55655860}.Release|x86.Build.0 = Release|Any CPU
		{2E3551CD-51B2-4F5B-BAD5-E6FD578EF0ED}.Ad-Hoc|Any CPU.ActiveCfg = Debug|Any CPU
		{2E3551CD-51B2-4F5B-BAD5-E6FD578EF0ED}.Ad-Hoc|Any CPU.Build.0 = Debug|Any CPU
		{2E3551CD-51B2-4F5B-BAD5-E6FD578EF0ED}.Ad-Hoc|ARM.ActiveCfg = Debug|Any CPU
		{2E3551CD-51B2-4F5B-BAD5-E6FD578EF0ED}.Ad-Hoc|ARM.Build.0 = Debug|Any CPU
		{2E3551CD-51B2-4F5B-BAD5-E6FD578EF0ED}.Ad-Hoc|iPhone.ActiveCfg = Debug|Any CPU
		{2E3551CD-51B2-4F5B-BAD5-E6FD578EF0ED}.Ad-Hoc|iPhone.Build.0 = Debug|Any CPU
		{2E3551CD-51B2-4F5B-BAD5-E6FD578EF0ED}.Ad-Hoc|iPhoneSimulator.ActiveCfg = Debug|Any CPU
		{2E3551CD-51B2-4F5B-BAD5-E6FD578EF0ED}.Ad-Hoc|iPhoneSimulator.Build.0 = Debug|Any CPU
		{2E3551CD-51B2-4F5B-BAD5-E6FD578EF0ED}.Ad-Hoc|x64.ActiveCfg = Debug|Any CPU
		{2E3551CD-51B2-4F5B-BAD5-E6FD578EF0ED}.Ad-Hoc|x64.Build.0 = Debug|Any CPU
		{2E3551CD-51B2-4F5B-BAD5-E6FD578EF0ED}.Ad-Hoc|x86.ActiveCfg = Debug|Any CPU
		{2E3551CD-51B2-4F5B-BAD5-E6FD578EF0ED}.Ad-Hoc|x86.Build.0 = Debug|Any CPU
		{2E3551CD-51B2-4F5B-BAD5-E6FD578EF0ED}.AppStore|Any CPU.ActiveCfg = Debug|Any CPU
		{2E3551CD-51B2-4F5B-BAD5-E6FD578EF0ED}.AppStore|Any CPU.Build.0 = Debug|Any CPU
		{2E3551CD-51B2-4F5B-BAD5-E6FD578EF0ED}.AppStore|ARM.ActiveCfg = Debug|Any CPU
		{2E3551CD-51B2-4F5B-BAD5-E6FD578EF0ED}.AppStore|ARM.Build.0 = Debug|Any CPU
		{2E3551CD-51B2-4F5B-BAD5-E6FD578EF0ED}.AppStore|iPhone.ActiveCfg = Debug|Any CPU
		{2E3551CD-51B2-4F5B-BAD5-E6FD578EF0ED}.AppStore|iPhone.Build.0 = Debug|Any CPU
		{2E3551CD-51B2-4F5B-BAD5-E6FD578EF0ED}.AppStore|iPhoneSimulator.ActiveCfg = Debug|Any CPU
		{2E3551CD-51B2-4F5B-BAD5-E6FD578EF0ED}.AppStore|iPhoneSimulator.Build.0 = Debug|Any CPU
		{2E3551CD-51B2-4F5B-BAD5-E6FD578EF0ED}.AppStore|x64.ActiveCfg = Debug|Any CPU
		{2E3551CD-51B2-4F5B-BAD5-E6FD578EF0ED}.AppStore|x64.Build.0 = Debug|Any CPU
		{2E3551CD-51B2-4F5B-BAD5-E6FD578EF0ED}.AppStore|x86.ActiveCfg = Debug|Any CPU
		{2E3551CD-51B2-4F5B-BAD5-E6FD578EF0ED}.AppStore|x86.Build.0 = Debug|Any CPU
		{2E3551CD-51B2-4F5B-BAD5-E6FD578EF0ED}.Debug|Any CPU.ActiveCfg = Debug|Any CPU
		{2E3551CD-51B2-4F5B-BAD5-E6FD578EF0ED}.Debug|Any CPU.Build.0 = Debug|Any CPU
		{2E3551CD-51B2-4F5B-BAD5-E6FD578EF0ED}.Debug|ARM.ActiveCfg = Debug|Any CPU
		{2E3551CD-51B2-4F5B-BAD5-E6FD578EF0ED}.Debug|ARM.Build.0 = Debug|Any CPU
		{2E3551CD-51B2-4F5B-BAD5-E6FD578EF0ED}.Debug|iPhone.ActiveCfg = Debug|Any CPU
		{2E3551CD-51B2-4F5B-BAD5-E6FD578EF0ED}.Debug|iPhone.Build.0 = Debug|Any CPU
		{2E3551CD-51B2-4F5B-BAD5-E6FD578EF0ED}.Debug|iPhoneSimulator.ActiveCfg = Debug|Any CPU
		{2E3551CD-51B2-4F5B-BAD5-E6FD578EF0ED}.Debug|iPhoneSimulator.Build.0 = Debug|Any CPU
		{2E3551CD-51B2-4F5B-BAD5-E6FD578EF0ED}.Debug|x64.ActiveCfg = Debug|Any CPU
		{2E3551CD-51B2-4F5B-BAD5-E6FD578EF0ED}.Debug|x64.Build.0 = Debug|Any CPU
		{2E3551CD-51B2-4F5B-BAD5-E6FD578EF0ED}.Debug|x86.ActiveCfg = Debug|Any CPU
		{2E3551CD-51B2-4F5B-BAD5-E6FD578EF0ED}.Debug|x86.Build.0 = Debug|Any CPU
		{2E3551CD-51B2-4F5B-BAD5-E6FD578EF0ED}.Release|Any CPU.ActiveCfg = Release|Any CPU
		{2E3551CD-51B2-4F5B-BAD5-E6FD578EF0ED}.Release|Any CPU.Build.0 = Release|Any CPU
		{2E3551CD-51B2-4F5B-BAD5-E6FD578EF0ED}.Release|ARM.ActiveCfg = Release|Any CPU
		{2E3551CD-51B2-4F5B-BAD5-E6FD578EF0ED}.Release|ARM.Build.0 = Release|Any CPU
		{2E3551CD-51B2-4F5B-BAD5-E6FD578EF0ED}.Release|iPhone.ActiveCfg = Release|Any CPU
		{2E3551CD-51B2-4F5B-BAD5-E6FD578EF0ED}.Release|iPhone.Build.0 = Release|Any CPU
		{2E3551CD-51B2-4F5B-BAD5-E6FD578EF0ED}.Release|iPhoneSimulator.ActiveCfg = Release|Any CPU
		{2E3551CD-51B2-4F5B-BAD5-E6FD578EF0ED}.Release|iPhoneSimulator.Build.0 = Release|Any CPU
		{2E3551CD-51B2-4F5B-BAD5-E6FD578EF0ED}.Release|x64.ActiveCfg = Release|Any CPU
		{2E3551CD-51B2-4F5B-BAD5-E6FD578EF0ED}.Release|x64.Build.0 = Release|Any CPU
		{2E3551CD-51B2-4F5B-BAD5-E6FD578EF0ED}.Release|x86.ActiveCfg = Release|Any CPU
		{2E3551CD-51B2-4F5B-BAD5-E6FD578EF0ED}.Release|x86.Build.0 = Release|Any CPU
		{6E87E3A4-07AE-4F4A-971B-EDBCF0718241}.Ad-Hoc|Any CPU.ActiveCfg = Debug|Any CPU
		{6E87E3A4-07AE-4F4A-971B-EDBCF0718241}.Ad-Hoc|Any CPU.Build.0 = Debug|Any CPU
		{6E87E3A4-07AE-4F4A-971B-EDBCF0718241}.Ad-Hoc|ARM.ActiveCfg = Debug|Any CPU
		{6E87E3A4-07AE-4F4A-971B-EDBCF0718241}.Ad-Hoc|ARM.Build.0 = Debug|Any CPU
		{6E87E3A4-07AE-4F4A-971B-EDBCF0718241}.Ad-Hoc|iPhone.ActiveCfg = Debug|Any CPU
		{6E87E3A4-07AE-4F4A-971B-EDBCF0718241}.Ad-Hoc|iPhone.Build.0 = Debug|Any CPU
		{6E87E3A4-07AE-4F4A-971B-EDBCF0718241}.Ad-Hoc|iPhoneSimulator.ActiveCfg = Debug|Any CPU
		{6E87E3A4-07AE-4F4A-971B-EDBCF0718241}.Ad-Hoc|iPhoneSimulator.Build.0 = Debug|Any CPU
		{6E87E3A4-07AE-4F4A-971B-EDBCF0718241}.Ad-Hoc|x64.ActiveCfg = Debug|Any CPU
		{6E87E3A4-07AE-4F4A-971B-EDBCF0718241}.Ad-Hoc|x64.Build.0 = Debug|Any CPU
		{6E87E3A4-07AE-4F4A-971B-EDBCF0718241}.Ad-Hoc|x86.ActiveCfg = Debug|Any CPU
		{6E87E3A4-07AE-4F4A-971B-EDBCF0718241}.Ad-Hoc|x86.Build.0 = Debug|Any CPU
		{6E87E3A4-07AE-4F4A-971B-EDBCF0718241}.AppStore|Any CPU.ActiveCfg = Debug|Any CPU
		{6E87E3A4-07AE-4F4A-971B-EDBCF0718241}.AppStore|Any CPU.Build.0 = Debug|Any CPU
		{6E87E3A4-07AE-4F4A-971B-EDBCF0718241}.AppStore|ARM.ActiveCfg = Debug|Any CPU
		{6E87E3A4-07AE-4F4A-971B-EDBCF0718241}.AppStore|ARM.Build.0 = Debug|Any CPU
		{6E87E3A4-07AE-4F4A-971B-EDBCF0718241}.AppStore|iPhone.ActiveCfg = Debug|Any CPU
		{6E87E3A4-07AE-4F4A-971B-EDBCF0718241}.AppStore|iPhone.Build.0 = Debug|Any CPU
		{6E87E3A4-07AE-4F4A-971B-EDBCF0718241}.AppStore|iPhoneSimulator.ActiveCfg = Debug|Any CPU
		{6E87E3A4-07AE-4F4A-971B-EDBCF0718241}.AppStore|iPhoneSimulator.Build.0 = Debug|Any CPU
		{6E87E3A4-07AE-4F4A-971B-EDBCF0718241}.AppStore|x64.ActiveCfg = Debug|Any CPU
		{6E87E3A4-07AE-4F4A-971B-EDBCF0718241}.AppStore|x64.Build.0 = Debug|Any CPU
		{6E87E3A4-07AE-4F4A-971B-EDBCF0718241}.AppStore|x86.ActiveCfg = Debug|Any CPU
		{6E87E3A4-07AE-4F4A-971B-EDBCF0718241}.AppStore|x86.Build.0 = Debug|Any CPU
		{6E87E3A4-07AE-4F4A-971B-EDBCF0718241}.Debug|Any CPU.ActiveCfg = Debug|Any CPU
		{6E87E3A4-07AE-4F4A-971B-EDBCF0718241}.Debug|Any CPU.Build.0 = Debug|Any CPU
		{6E87E3A4-07AE-4F4A-971B-EDBCF0718241}.Debug|ARM.ActiveCfg = Debug|Any CPU
		{6E87E3A4-07AE-4F4A-971B-EDBCF0718241}.Debug|ARM.Build.0 = Debug|Any CPU
		{6E87E3A4-07AE-4F4A-971B-EDBCF0718241}.Debug|iPhone.ActiveCfg = Debug|Any CPU
		{6E87E3A4-07AE-4F4A-971B-EDBCF0718241}.Debug|iPhone.Build.0 = Debug|Any CPU
		{6E87E3A4-07AE-4F4A-971B-EDBCF0718241}.Debug|iPhoneSimulator.ActiveCfg = Debug|Any CPU
		{6E87E3A4-07AE-4F4A-971B-EDBCF0718241}.Debug|iPhoneSimulator.Build.0 = Debug|Any CPU
		{6E87E3A4-07AE-4F4A-971B-EDBCF0718241}.Debug|x64.ActiveCfg = Debug|Any CPU
		{6E87E3A4-07AE-4F4A-971B-EDBCF0718241}.Debug|x64.Build.0 = Debug|Any CPU
		{6E87E3A4-07AE-4F4A-971B-EDBCF0718241}.Debug|x86.ActiveCfg = Debug|Any CPU
		{6E87E3A4-07AE-4F4A-971B-EDBCF0718241}.Debug|x86.Build.0 = Debug|Any CPU
		{6E87E3A4-07AE-4F4A-971B-EDBCF0718241}.Release|Any CPU.ActiveCfg = Release|Any CPU
		{6E87E3A4-07AE-4F4A-971B-EDBCF0718241}.Release|Any CPU.Build.0 = Release|Any CPU
		{6E87E3A4-07AE-4F4A-971B-EDBCF0718241}.Release|ARM.ActiveCfg = Release|Any CPU
		{6E87E3A4-07AE-4F4A-971B-EDBCF0718241}.Release|ARM.Build.0 = Release|Any CPU
		{6E87E3A4-07AE-4F4A-971B-EDBCF0718241}.Release|iPhone.ActiveCfg = Release|Any CPU
		{6E87E3A4-07AE-4F4A-971B-EDBCF0718241}.Release|iPhone.Build.0 = Release|Any CPU
		{6E87E3A4-07AE-4F4A-971B-EDBCF0718241}.Release|iPhoneSimulator.ActiveCfg = Release|Any CPU
		{6E87E3A4-07AE-4F4A-971B-EDBCF0718241}.Release|iPhoneSimulator.Build.0 = Release|Any CPU
		{6E87E3A4-07AE-4F4A-971B-EDBCF0718241}.Release|x64.ActiveCfg = Release|Any CPU
		{6E87E3A4-07AE-4F4A-971B-EDBCF0718241}.Release|x64.Build.0 = Release|Any CPU
		{6E87E3A4-07AE-4F4A-971B-EDBCF0718241}.Release|x86.ActiveCfg = Release|Any CPU
		{6E87E3A4-07AE-4F4A-971B-EDBCF0718241}.Release|x86.Build.0 = Release|Any CPU
		{A56DBA21-D91F-467B-9E82-B272389B1D89}.Ad-Hoc|Any CPU.ActiveCfg = Debug|Any CPU
		{A56DBA21-D91F-467B-9E82-B272389B1D89}.Ad-Hoc|Any CPU.Build.0 = Debug|Any CPU
		{A56DBA21-D91F-467B-9E82-B272389B1D89}.Ad-Hoc|ARM.ActiveCfg = Debug|Any CPU
		{A56DBA21-D91F-467B-9E82-B272389B1D89}.Ad-Hoc|ARM.Build.0 = Debug|Any CPU
		{A56DBA21-D91F-467B-9E82-B272389B1D89}.Ad-Hoc|iPhone.ActiveCfg = Debug|Any CPU
		{A56DBA21-D91F-467B-9E82-B272389B1D89}.Ad-Hoc|iPhone.Build.0 = Debug|Any CPU
		{A56DBA21-D91F-467B-9E82-B272389B1D89}.Ad-Hoc|iPhoneSimulator.ActiveCfg = Debug|Any CPU
		{A56DBA21-D91F-467B-9E82-B272389B1D89}.Ad-Hoc|iPhoneSimulator.Build.0 = Debug|Any CPU
		{A56DBA21-D91F-467B-9E82-B272389B1D89}.Ad-Hoc|x64.ActiveCfg = Debug|Any CPU
		{A56DBA21-D91F-467B-9E82-B272389B1D89}.Ad-Hoc|x64.Build.0 = Debug|Any CPU
		{A56DBA21-D91F-467B-9E82-B272389B1D89}.Ad-Hoc|x86.ActiveCfg = Debug|Any CPU
		{A56DBA21-D91F-467B-9E82-B272389B1D89}.Ad-Hoc|x86.Build.0 = Debug|Any CPU
		{A56DBA21-D91F-467B-9E82-B272389B1D89}.AppStore|Any CPU.ActiveCfg = Debug|Any CPU
		{A56DBA21-D91F-467B-9E82-B272389B1D89}.AppStore|Any CPU.Build.0 = Debug|Any CPU
		{A56DBA21-D91F-467B-9E82-B272389B1D89}.AppStore|ARM.ActiveCfg = Debug|Any CPU
		{A56DBA21-D91F-467B-9E82-B272389B1D89}.AppStore|ARM.Build.0 = Debug|Any CPU
		{A56DBA21-D91F-467B-9E82-B272389B1D89}.AppStore|iPhone.ActiveCfg = Debug|Any CPU
		{A56DBA21-D91F-467B-9E82-B272389B1D89}.AppStore|iPhone.Build.0 = Debug|Any CPU
		{A56DBA21-D91F-467B-9E82-B272389B1D89}.AppStore|iPhoneSimulator.ActiveCfg = Debug|Any CPU
		{A56DBA21-D91F-467B-9E82-B272389B1D89}.AppStore|iPhoneSimulator.Build.0 = Debug|Any CPU
		{A56DBA21-D91F-467B-9E82-B272389B1D89}.AppStore|x64.ActiveCfg = Debug|Any CPU
		{A56DBA21-D91F-467B-9E82-B272389B1D89}.AppStore|x64.Build.0 = Debug|Any CPU
		{A56DBA21-D91F-467B-9E82-B272389B1D89}.AppStore|x86.ActiveCfg = Debug|Any CPU
		{A56DBA21-D91F-467B-9E82-B272389B1D89}.AppStore|x86.Build.0 = Debug|Any CPU
		{A56DBA21-D91F-467B-9E82-B272389B1D89}.Debug|Any CPU.ActiveCfg = Debug|Any CPU
		{A56DBA21-D91F-467B-9E82-B272389B1D89}.Debug|Any CPU.Build.0 = Debug|Any CPU
		{A56DBA21-D91F-467B-9E82-B272389B1D89}.Debug|ARM.ActiveCfg = Debug|Any CPU
		{A56DBA21-D91F-467B-9E82-B272389B1D89}.Debug|ARM.Build.0 = Debug|Any CPU
		{A56DBA21-D91F-467B-9E82-B272389B1D89}.Debug|iPhone.ActiveCfg = Debug|Any CPU
		{A56DBA21-D91F-467B-9E82-B272389B1D89}.Debug|iPhone.Build.0 = Debug|Any CPU
		{A56DBA21-D91F-467B-9E82-B272389B1D89}.Debug|iPhoneSimulator.ActiveCfg = Debug|Any CPU
		{A56DBA21-D91F-467B-9E82-B272389B1D89}.Debug|iPhoneSimulator.Build.0 = Debug|Any CPU
		{A56DBA21-D91F-467B-9E82-B272389B1D89}.Debug|x64.ActiveCfg = Debug|Any CPU
		{A56DBA21-D91F-467B-9E82-B272389B1D89}.Debug|x64.Build.0 = Debug|Any CPU
		{A56DBA21-D91F-467B-9E82-B272389B1D89}.Debug|x86.ActiveCfg = Debug|Any CPU
		{A56DBA21-D91F-467B-9E82-B272389B1D89}.Debug|x86.Build.0 = Debug|Any CPU
		{A56DBA21-D91F-467B-9E82-B272389B1D89}.Release|Any CPU.ActiveCfg = Release|Any CPU
		{A56DBA21-D91F-467B-9E82-B272389B1D89}.Release|Any CPU.Build.0 = Release|Any CPU
		{A56DBA21-D91F-467B-9E82-B272389B1D89}.Release|ARM.ActiveCfg = Release|Any CPU
		{A56DBA21-D91F-467B-9E82-B272389B1D89}.Release|ARM.Build.0 = Release|Any CPU
		{A56DBA21-D91F-467B-9E82-B272389B1D89}.Release|iPhone.ActiveCfg = Release|Any CPU
		{A56DBA21-D91F-467B-9E82-B272389B1D89}.Release|iPhone.Build.0 = Release|Any CPU
		{A56DBA21-D91F-467B-9E82-B272389B1D89}.Release|iPhoneSimulator.ActiveCfg = Release|Any CPU
		{A56DBA21-D91F-467B-9E82-B272389B1D89}.Release|iPhoneSimulator.Build.0 = Release|Any CPU
		{A56DBA21-D91F-467B-9E82-B272389B1D89}.Release|x64.ActiveCfg = Release|Any CPU
		{A56DBA21-D91F-467B-9E82-B272389B1D89}.Release|x64.Build.0 = Release|Any CPU
		{A56DBA21-D91F-467B-9E82-B272389B1D89}.Release|x86.ActiveCfg = Release|Any CPU
		{A56DBA21-D91F-467B-9E82-B272389B1D89}.Release|x86.Build.0 = Release|Any CPU
		{C0F7EBAE-FE70-4E0C-8869-C424F315A1FE}.Ad-Hoc|Any CPU.ActiveCfg = Debug|Any CPU
		{C0F7EBAE-FE70-4E0C-8869-C424F315A1FE}.Ad-Hoc|Any CPU.Build.0 = Debug|Any CPU
		{C0F7EBAE-FE70-4E0C-8869-C424F315A1FE}.Ad-Hoc|ARM.ActiveCfg = Debug|Any CPU
		{C0F7EBAE-FE70-4E0C-8869-C424F315A1FE}.Ad-Hoc|ARM.Build.0 = Debug|Any CPU
		{C0F7EBAE-FE70-4E0C-8869-C424F315A1FE}.Ad-Hoc|iPhone.ActiveCfg = Debug|Any CPU
		{C0F7EBAE-FE70-4E0C-8869-C424F315A1FE}.Ad-Hoc|iPhone.Build.0 = Debug|Any CPU
		{C0F7EBAE-FE70-4E0C-8869-C424F315A1FE}.Ad-Hoc|iPhoneSimulator.ActiveCfg = Debug|Any CPU
		{C0F7EBAE-FE70-4E0C-8869-C424F315A1FE}.Ad-Hoc|iPhoneSimulator.Build.0 = Debug|Any CPU
		{C0F7EBAE-FE70-4E0C-8869-C424F315A1FE}.Ad-Hoc|x64.ActiveCfg = Debug|Any CPU
		{C0F7EBAE-FE70-4E0C-8869-C424F315A1FE}.Ad-Hoc|x64.Build.0 = Debug|Any CPU
		{C0F7EBAE-FE70-4E0C-8869-C424F315A1FE}.Ad-Hoc|x86.ActiveCfg = Debug|Any CPU
		{C0F7EBAE-FE70-4E0C-8869-C424F315A1FE}.Ad-Hoc|x86.Build.0 = Debug|Any CPU
		{C0F7EBAE-FE70-4E0C-8869-C424F315A1FE}.AppStore|Any CPU.ActiveCfg = Debug|Any CPU
		{C0F7EBAE-FE70-4E0C-8869-C424F315A1FE}.AppStore|Any CPU.Build.0 = Debug|Any CPU
		{C0F7EBAE-FE70-4E0C-8869-C424F315A1FE}.AppStore|ARM.ActiveCfg = Debug|Any CPU
		{C0F7EBAE-FE70-4E0C-8869-C424F315A1FE}.AppStore|ARM.Build.0 = Debug|Any CPU
		{C0F7EBAE-FE70-4E0C-8869-C424F315A1FE}.AppStore|iPhone.ActiveCfg = Debug|Any CPU
		{C0F7EBAE-FE70-4E0C-8869-C424F315A1FE}.AppStore|iPhone.Build.0 = Debug|Any CPU
		{C0F7EBAE-FE70-4E0C-8869-C424F315A1FE}.AppStore|iPhoneSimulator.ActiveCfg = Debug|Any CPU
		{C0F7EBAE-FE70-4E0C-8869-C424F315A1FE}.AppStore|iPhoneSimulator.Build.0 = Debug|Any CPU
		{C0F7EBAE-FE70-4E0C-8869-C424F315A1FE}.AppStore|x64.ActiveCfg = Debug|Any CPU
		{C0F7EBAE-FE70-4E0C-8869-C424F315A1FE}.AppStore|x64.Build.0 = Debug|Any CPU
		{C0F7EBAE-FE70-4E0C-8869-C424F315A1FE}.AppStore|x86.ActiveCfg = Debug|Any CPU
		{C0F7EBAE-FE70-4E0C-8869-C424F315A1FE}.AppStore|x86.Build.0 = Debug|Any CPU
		{C0F7EBAE-FE70-4E0C-8869-C424F315A1FE}.Debug|Any CPU.ActiveCfg = Debug|Any CPU
		{C0F7EBAE-FE70-4E0C-8869-C424F315A1FE}.Debug|Any CPU.Build.0 = Debug|Any CPU
		{C0F7EBAE-FE70-4E0C-8869-C424F315A1FE}.Debug|ARM.ActiveCfg = Debug|Any CPU
		{C0F7EBAE-FE70-4E0C-8869-C424F315A1FE}.Debug|ARM.Build.0 = Debug|Any CPU
		{C0F7EBAE-FE70-4E0C-8869-C424F315A1FE}.Debug|iPhone.ActiveCfg = Debug|Any CPU
		{C0F7EBAE-FE70-4E0C-8869-C424F315A1FE}.Debug|iPhone.Build.0 = Debug|Any CPU
		{C0F7EBAE-FE70-4E0C-8869-C424F315A1FE}.Debug|iPhoneSimulator.ActiveCfg = Debug|Any CPU
		{C0F7EBAE-FE70-4E0C-8869-C424F315A1FE}.Debug|iPhoneSimulator.Build.0 = Debug|Any CPU
		{C0F7EBAE-FE70-4E0C-8869-C424F315A1FE}.Debug|x64.ActiveCfg = Debug|Any CPU
		{C0F7EBAE-FE70-4E0C-8869-C424F315A1FE}.Debug|x64.Build.0 = Debug|Any CPU
		{C0F7EBAE-FE70-4E0C-8869-C424F315A1FE}.Debug|x86.ActiveCfg = Debug|Any CPU
		{C0F7EBAE-FE70-4E0C-8869-C424F315A1FE}.Debug|x86.Build.0 = Debug|Any CPU
		{C0F7EBAE-FE70-4E0C-8869-C424F315A1FE}.Release|Any CPU.ActiveCfg = Release|Any CPU
		{C0F7EBAE-FE70-4E0C-8869-C424F315A1FE}.Release|Any CPU.Build.0 = Release|Any CPU
		{C0F7EBAE-FE70-4E0C-8869-C424F315A1FE}.Release|ARM.ActiveCfg = Release|Any CPU
		{C0F7EBAE-FE70-4E0C-8869-C424F315A1FE}.Release|ARM.Build.0 = Release|Any CPU
		{C0F7EBAE-FE70-4E0C-8869-C424F315A1FE}.Release|iPhone.ActiveCfg = Release|Any CPU
		{C0F7EBAE-FE70-4E0C-8869-C424F315A1FE}.Release|iPhone.Build.0 = Release|Any CPU
		{C0F7EBAE-FE70-4E0C-8869-C424F315A1FE}.Release|iPhoneSimulator.ActiveCfg = Release|Any CPU
		{C0F7EBAE-FE70-4E0C-8869-C424F315A1FE}.Release|iPhoneSimulator.Build.0 = Release|Any CPU
		{C0F7EBAE-FE70-4E0C-8869-C424F315A1FE}.Release|x64.ActiveCfg = Release|Any CPU
		{C0F7EBAE-FE70-4E0C-8869-C424F315A1FE}.Release|x64.Build.0 = Release|Any CPU
		{C0F7EBAE-FE70-4E0C-8869-C424F315A1FE}.Release|x86.ActiveCfg = Release|Any CPU
		{C0F7EBAE-FE70-4E0C-8869-C424F315A1FE}.Release|x86.Build.0 = Release|Any CPU
		{C18614A0-78A6-4DFA-881F-3429879B5106}.Ad-Hoc|Any CPU.ActiveCfg = Debug|Any CPU
		{C18614A0-78A6-4DFA-881F-3429879B5106}.Ad-Hoc|Any CPU.Build.0 = Debug|Any CPU
		{C18614A0-78A6-4DFA-881F-3429879B5106}.Ad-Hoc|ARM.ActiveCfg = Debug|Any CPU
		{C18614A0-78A6-4DFA-881F-3429879B5106}.Ad-Hoc|ARM.Build.0 = Debug|Any CPU
		{C18614A0-78A6-4DFA-881F-3429879B5106}.Ad-Hoc|iPhone.ActiveCfg = Debug|Any CPU
		{C18614A0-78A6-4DFA-881F-3429879B5106}.Ad-Hoc|iPhone.Build.0 = Debug|Any CPU
		{C18614A0-78A6-4DFA-881F-3429879B5106}.Ad-Hoc|iPhoneSimulator.ActiveCfg = Debug|Any CPU
		{C18614A0-78A6-4DFA-881F-3429879B5106}.Ad-Hoc|iPhoneSimulator.Build.0 = Debug|Any CPU
		{C18614A0-78A6-4DFA-881F-3429879B5106}.Ad-Hoc|x64.ActiveCfg = Debug|Any CPU
		{C18614A0-78A6-4DFA-881F-3429879B5106}.Ad-Hoc|x64.Build.0 = Debug|Any CPU
		{C18614A0-78A6-4DFA-881F-3429879B5106}.Ad-Hoc|x86.ActiveCfg = Debug|Any CPU
		{C18614A0-78A6-4DFA-881F-3429879B5106}.Ad-Hoc|x86.Build.0 = Debug|Any CPU
		{C18614A0-78A6-4DFA-881F-3429879B5106}.AppStore|Any CPU.ActiveCfg = Debug|Any CPU
		{C18614A0-78A6-4DFA-881F-3429879B5106}.AppStore|Any CPU.Build.0 = Debug|Any CPU
		{C18614A0-78A6-4DFA-881F-3429879B5106}.AppStore|ARM.ActiveCfg = Debug|Any CPU
		{C18614A0-78A6-4DFA-881F-3429879B5106}.AppStore|ARM.Build.0 = Debug|Any CPU
		{C18614A0-78A6-4DFA-881F-3429879B5106}.AppStore|iPhone.ActiveCfg = Debug|Any CPU
		{C18614A0-78A6-4DFA-881F-3429879B5106}.AppStore|iPhone.Build.0 = Debug|Any CPU
		{C18614A0-78A6-4DFA-881F-3429879B5106}.AppStore|iPhoneSimulator.ActiveCfg = Debug|Any CPU
		{C18614A0-78A6-4DFA-881F-3429879B5106}.AppStore|iPhoneSimulator.Build.0 = Debug|Any CPU
		{C18614A0-78A6-4DFA-881F-3429879B5106}.AppStore|x64.ActiveCfg = Debug|Any CPU
		{C18614A0-78A6-4DFA-881F-3429879B5106}.AppStore|x64.Build.0 = Debug|Any CPU
		{C18614A0-78A6-4DFA-881F-3429879B5106}.AppStore|x86.ActiveCfg = Debug|Any CPU
		{C18614A0-78A6-4DFA-881F-3429879B5106}.AppStore|x86.Build.0 = Debug|Any CPU
		{C18614A0-78A6-4DFA-881F-3429879B5106}.Debug|Any CPU.ActiveCfg = Debug|Any CPU
		{C18614A0-78A6-4DFA-881F-3429879B5106}.Debug|Any CPU.Build.0 = Debug|Any CPU
		{C18614A0-78A6-4DFA-881F-3429879B5106}.Debug|ARM.ActiveCfg = Debug|Any CPU
		{C18614A0-78A6-4DFA-881F-3429879B5106}.Debug|ARM.Build.0 = Debug|Any CPU
		{C18614A0-78A6-4DFA-881F-3429879B5106}.Debug|iPhone.ActiveCfg = Debug|Any CPU
		{C18614A0-78A6-4DFA-881F-3429879B5106}.Debug|iPhone.Build.0 = Debug|Any CPU
		{C18614A0-78A6-4DFA-881F-3429879B5106}.Debug|iPhoneSimulator.ActiveCfg = Debug|Any CPU
		{C18614A0-78A6-4DFA-881F-3429879B5106}.Debug|iPhoneSimulator.Build.0 = Debug|Any CPU
		{C18614A0-78A6-4DFA-881F-3429879B5106}.Debug|x64.ActiveCfg = Debug|Any CPU
		{C18614A0-78A6-4DFA-881F-3429879B5106}.Debug|x64.Build.0 = Debug|Any CPU
		{C18614A0-78A6-4DFA-881F-3429879B5106}.Debug|x86.ActiveCfg = Debug|Any CPU
		{C18614A0-78A6-4DFA-881F-3429879B5106}.Debug|x86.Build.0 = Debug|Any CPU
		{C18614A0-78A6-4DFA-881F-3429879B5106}.Release|Any CPU.ActiveCfg = Release|Any CPU
		{C18614A0-78A6-4DFA-881F-3429879B5106}.Release|Any CPU.Build.0 = Release|Any CPU
		{C18614A0-78A6-4DFA-881F-3429879B5106}.Release|ARM.ActiveCfg = Release|Any CPU
		{C18614A0-78A6-4DFA-881F-3429879B5106}.Release|ARM.Build.0 = Release|Any CPU
		{C18614A0-78A6-4DFA-881F-3429879B5106}.Release|iPhone.ActiveCfg = Release|Any CPU
		{C18614A0-78A6-4DFA-881F-3429879B5106}.Release|iPhone.Build.0 = Release|Any CPU
		{C18614A0-78A6-4DFA-881F-3429879B5106}.Release|iPhoneSimulator.ActiveCfg = Release|Any CPU
		{C18614A0-78A6-4DFA-881F-3429879B5106}.Release|iPhoneSimulator.Build.0 = Release|Any CPU
		{C18614A0-78A6-4DFA-881F-3429879B5106}.Release|x64.ActiveCfg = Release|Any CPU
		{C18614A0-78A6-4DFA-881F-3429879B5106}.Release|x64.Build.0 = Release|Any CPU
		{C18614A0-78A6-4DFA-881F-3429879B5106}.Release|x86.ActiveCfg = Release|Any CPU
		{C18614A0-78A6-4DFA-881F-3429879B5106}.Release|x86.Build.0 = Release|Any CPU
		{033A513F-2EF2-4A79-8585-14D25847C742}.Ad-Hoc|Any CPU.ActiveCfg = Debug|Any CPU
		{033A513F-2EF2-4A79-8585-14D25847C742}.Ad-Hoc|Any CPU.Build.0 = Debug|Any CPU
		{033A513F-2EF2-4A79-8585-14D25847C742}.Ad-Hoc|ARM.ActiveCfg = Debug|Any CPU
		{033A513F-2EF2-4A79-8585-14D25847C742}.Ad-Hoc|ARM.Build.0 = Debug|Any CPU
		{033A513F-2EF2-4A79-8585-14D25847C742}.Ad-Hoc|iPhone.ActiveCfg = Debug|Any CPU
		{033A513F-2EF2-4A79-8585-14D25847C742}.Ad-Hoc|iPhone.Build.0 = Debug|Any CPU
		{033A513F-2EF2-4A79-8585-14D25847C742}.Ad-Hoc|iPhoneSimulator.ActiveCfg = Debug|Any CPU
		{033A513F-2EF2-4A79-8585-14D25847C742}.Ad-Hoc|iPhoneSimulator.Build.0 = Debug|Any CPU
		{033A513F-2EF2-4A79-8585-14D25847C742}.Ad-Hoc|x64.ActiveCfg = Debug|Any CPU
		{033A513F-2EF2-4A79-8585-14D25847C742}.Ad-Hoc|x64.Build.0 = Debug|Any CPU
		{033A513F-2EF2-4A79-8585-14D25847C742}.Ad-Hoc|x86.ActiveCfg = Debug|Any CPU
		{033A513F-2EF2-4A79-8585-14D25847C742}.Ad-Hoc|x86.Build.0 = Debug|Any CPU
		{033A513F-2EF2-4A79-8585-14D25847C742}.AppStore|Any CPU.ActiveCfg = Debug|Any CPU
		{033A513F-2EF2-4A79-8585-14D25847C742}.AppStore|Any CPU.Build.0 = Debug|Any CPU
		{033A513F-2EF2-4A79-8585-14D25847C742}.AppStore|ARM.ActiveCfg = Debug|Any CPU
		{033A513F-2EF2-4A79-8585-14D25847C742}.AppStore|ARM.Build.0 = Debug|Any CPU
		{033A513F-2EF2-4A79-8585-14D25847C742}.AppStore|iPhone.ActiveCfg = Debug|Any CPU
		{033A513F-2EF2-4A79-8585-14D25847C742}.AppStore|iPhone.Build.0 = Debug|Any CPU
		{033A513F-2EF2-4A79-8585-14D25847C742}.AppStore|iPhoneSimulator.ActiveCfg = Debug|Any CPU
		{033A513F-2EF2-4A79-8585-14D25847C742}.AppStore|iPhoneSimulator.Build.0 = Debug|Any CPU
		{033A513F-2EF2-4A79-8585-14D25847C742}.AppStore|x64.ActiveCfg = Debug|Any CPU
		{033A513F-2EF2-4A79-8585-14D25847C742}.AppStore|x64.Build.0 = Debug|Any CPU
		{033A513F-2EF2-4A79-8585-14D25847C742}.AppStore|x86.ActiveCfg = Debug|Any CPU
		{033A513F-2EF2-4A79-8585-14D25847C742}.AppStore|x86.Build.0 = Debug|Any CPU
		{033A513F-2EF2-4A79-8585-14D25847C742}.Debug|Any CPU.ActiveCfg = Debug|Any CPU
		{033A513F-2EF2-4A79-8585-14D25847C742}.Debug|Any CPU.Build.0 = Debug|Any CPU
		{033A513F-2EF2-4A79-8585-14D25847C742}.Debug|ARM.ActiveCfg = Debug|Any CPU
		{033A513F-2EF2-4A79-8585-14D25847C742}.Debug|ARM.Build.0 = Debug|Any CPU
		{033A513F-2EF2-4A79-8585-14D25847C742}.Debug|iPhone.ActiveCfg = Debug|Any CPU
		{033A513F-2EF2-4A79-8585-14D25847C742}.Debug|iPhone.Build.0 = Debug|Any CPU
		{033A513F-2EF2-4A79-8585-14D25847C742}.Debug|iPhoneSimulator.ActiveCfg = Debug|Any CPU
		{033A513F-2EF2-4A79-8585-14D25847C742}.Debug|iPhoneSimulator.Build.0 = Debug|Any CPU
		{033A513F-2EF2-4A79-8585-14D25847C742}.Debug|x64.ActiveCfg = Debug|Any CPU
		{033A513F-2EF2-4A79-8585-14D25847C742}.Debug|x64.Build.0 = Debug|Any CPU
		{033A513F-2EF2-4A79-8585-14D25847C742}.Debug|x86.ActiveCfg = Debug|Any CPU
		{033A513F-2EF2-4A79-8585-14D25847C742}.Debug|x86.Build.0 = Debug|Any CPU
		{033A513F-2EF2-4A79-8585-14D25847C742}.Release|Any CPU.ActiveCfg = Release|Any CPU
		{033A513F-2EF2-4A79-8585-14D25847C742}.Release|Any CPU.Build.0 = Release|Any CPU
		{033A513F-2EF2-4A79-8585-14D25847C742}.Release|ARM.ActiveCfg = Release|Any CPU
		{033A513F-2EF2-4A79-8585-14D25847C742}.Release|ARM.Build.0 = Release|Any CPU
		{033A513F-2EF2-4A79-8585-14D25847C742}.Release|iPhone.ActiveCfg = Release|Any CPU
		{033A513F-2EF2-4A79-8585-14D25847C742}.Release|iPhone.Build.0 = Release|Any CPU
		{033A513F-2EF2-4A79-8585-14D25847C742}.Release|iPhoneSimulator.ActiveCfg = Release|Any CPU
		{033A513F-2EF2-4A79-8585-14D25847C742}.Release|iPhoneSimulator.Build.0 = Release|Any CPU
		{033A513F-2EF2-4A79-8585-14D25847C742}.Release|x64.ActiveCfg = Release|Any CPU
		{033A513F-2EF2-4A79-8585-14D25847C742}.Release|x64.Build.0 = Release|Any CPU
		{033A513F-2EF2-4A79-8585-14D25847C742}.Release|x86.ActiveCfg = Release|Any CPU
		{033A513F-2EF2-4A79-8585-14D25847C742}.Release|x86.Build.0 = Release|Any CPU
	EndGlobalSection
	GlobalSection(SolutionProperties) = preSolution
		HideSolutionNode = FALSE
	EndGlobalSection
	GlobalSection(NestedProjects) = preSolution
		{014A640B-C393-49AE-999A-5F6A55655860} = {B4CB1EDB-352C-40C3-AB07-BB460B8390AD}
		{2E3551CD-51B2-4F5B-BAD5-E6FD578EF0ED} = {4737400D-19C6-4FF9-9CEE-739D50BCADEE}
		{6E87E3A4-07AE-4F4A-971B-EDBCF0718241} = {4737400D-19C6-4FF9-9CEE-739D50BCADEE}
		{A56DBA21-D91F-467B-9E82-B272389B1D89} = {2D2EA1F6-F14B-4576-B9E0-22BAB7C672BB}
		{C0F7EBAE-FE70-4E0C-8869-C424F315A1FE} = {2D2EA1F6-F14B-4576-B9E0-22BAB7C672BB}
		{C18614A0-78A6-4DFA-881F-3429879B5106} = {2D2EA1F6-F14B-4576-B9E0-22BAB7C672BB}
		{033A513F-2EF2-4A79-8585-14D25847C742} = {B4CB1EDB-352C-40C3-AB07-BB460B8390AD}
	EndGlobalSection
	GlobalSection(ExtensibilityGlobals) = postSolution
		SolutionGuid = {924C8281-8BBD-49F0-9A2F-6065BA2F6839}
	EndGlobalSection
EndGlobal
