
Microsoft Visual Studio Solution File, Format Version 12.00
# Visual Studio 15
VisualStudioVersion = 15.0.28010.0
MinimumVisualStudioVersion = 10.0.40219.1
Project("{FAE04EC0-301F-11D3-BF4B-00C04F79EFBC}") = "XamarinApp.Android", "XamarinApp\XamarinApp.Android\XamarinApp.Android.csproj", "{FD5C3103-8B41-4ECB-95E0-CE6CBE269160}"
EndProject
Project("{FAE04EC0-301F-11D3-BF4B-00C04F79EFBC}") = "XamarinApp.iOS", "XamarinApp\XamarinApp.iOS\XamarinApp.iOS.csproj", "{C8FC90DB-929D-4078-8040-8CDB82E33F77}"
EndProject
Project("{FAE04EC0-301F-11D3-BF4B-00C04F79EFBC}") = "XamarinApp.UWP", "XamarinApp\XamarinApp.UWP\XamarinApp.UWP.csproj", "{B3420C8A-5083-4FC8-B04C-84CCEEAD0FB6}"
EndProject
Project("{FAE04EC0-301F-11D3-BF4B-00C04F79EFBC}") = "XamarinApp", "XamarinApp\XamarinApp\XamarinApp.csproj", "{6C2B7EE8-395E-4003-BB21-052EF603BC52}"
EndProject
Global
	GlobalSection(SolutionConfigurationPlatforms) = preSolution
		Ad-Hoc|Any CPU = Ad-Hoc|Any CPU
		Ad-Hoc|ARM = Ad-Hoc|ARM
		Ad-Hoc|iPhone = Ad-Hoc|iPhone
		Ad-Hoc|iPhoneSimulator = Ad-Hoc|iPhoneSimulator
		Ad-Hoc|x64 = Ad-Hoc|x64
		Ad-Hoc|x86 = Ad-Hoc|x86
		AppStore|Any CPU = AppStore|Any CPU
		AppStore|ARM = AppStore|ARM
		AppStore|iPhone = AppStore|iPhone
		AppStore|iPhoneSimulator = AppStore|iPhoneSimulator
		AppStore|x64 = AppStore|x64
		AppStore|x86 = AppStore|x86
		Debug|Any CPU = Debug|Any CPU
		Debug|ARM = Debug|ARM
		Debug|iPhone = Debug|iPhone
		Debug|iPhoneSimulator = Debug|iPhoneSimulator
		Debug|x64 = Debug|x64
		Debug|x86 = Debug|x86
		Release|Any CPU = Release|Any CPU
		Release|ARM = Release|ARM
		Release|iPhone = Release|iPhone
		Release|iPhoneSimulator = Release|iPhoneSimulator
		Release|x64 = Release|x64
		Release|x86 = Release|x86
	EndGlobalSection
	GlobalSection(ProjectConfigurationPlatforms) = postSolution
		{FD5C3103-8B41-4ECB-95E0-CE6CBE269160}.Ad-Hoc|Any CPU.ActiveCfg = Release|Any CPU
		{FD5C3103-8B41-4ECB-95E0-CE6CBE269160}.Ad-Hoc|Any CPU.Build.0 = Release|Any CPU
		{FD5C3103-8B41-4ECB-95E0-CE6CBE269160}.Ad-Hoc|Any CPU.Deploy.0 = Release|Any CPU
		{FD5C3103-8B41-4ECB-95E0-CE6CBE269160}.Ad-Hoc|ARM.ActiveCfg = Release|Any CPU
		{FD5C3103-8B41-4ECB-95E0-CE6CBE269160}.Ad-Hoc|ARM.Build.0 = Release|Any CPU
		{FD5C3103-8B41-4ECB-95E0-CE6CBE269160}.Ad-Hoc|ARM.Deploy.0 = Release|Any CPU
		{FD5C3103-8B41-4ECB-95E0-CE6CBE269160}.Ad-Hoc|iPhone.ActiveCfg = Release|Any CPU
		{FD5C3103-8B41-4ECB-95E0-CE6CBE269160}.Ad-Hoc|iPhone.Build.0 = Release|Any CPU
		{FD5C3103-8B41-4ECB-95E0-CE6CBE269160}.Ad-Hoc|iPhone.Deploy.0 = Release|Any CPU
		{FD5C3103-8B41-4ECB-95E0-CE6CBE269160}.Ad-Hoc|iPhoneSimulator.ActiveCfg = Release|Any CPU
		{FD5C3103-8B41-4ECB-95E0-CE6CBE269160}.Ad-Hoc|iPhoneSimulator.Build.0 = Release|Any CPU
		{FD5C3103-8B41-4ECB-95E0-CE6CBE269160}.Ad-Hoc|iPhoneSimulator.Deploy.0 = Release|Any CPU
		{FD5C3103-8B41-4ECB-95E0-CE6CBE269160}.Ad-Hoc|x64.ActiveCfg = Release|Any CPU
		{FD5C3103-8B41-4ECB-95E0-CE6CBE269160}.Ad-Hoc|x64.Build.0 = Release|Any CPU
		{FD5C3103-8B41-4ECB-95E0-CE6CBE269160}.Ad-Hoc|x64.Deploy.0 = Release|Any CPU
		{FD5C3103-8B41-4ECB-95E0-CE6CBE269160}.Ad-Hoc|x86.ActiveCfg = Release|Any CPU
		{FD5C3103-8B41-4ECB-95E0-CE6CBE269160}.Ad-Hoc|x86.Build.0 = Release|Any CPU
		{FD5C3103-8B41-4ECB-95E0-CE6CBE269160}.Ad-Hoc|x86.Deploy.0 = Release|Any CPU
		{FD5C3103-8B41-4ECB-95E0-CE6CBE269160}.AppStore|Any CPU.ActiveCfg = Release|Any CPU
		{FD5C3103-8B41-4ECB-95E0-CE6CBE269160}.AppStore|Any CPU.Build.0 = Release|Any CPU
		{FD5C3103-8B41-4ECB-95E0-CE6CBE269160}.AppStore|Any CPU.Deploy.0 = Release|Any CPU
		{FD5C3103-8B41-4ECB-95E0-CE6CBE269160}.AppStore|ARM.ActiveCfg = Release|Any CPU
		{FD5C3103-8B41-4ECB-95E0-CE6CBE269160}.AppStore|ARM.Build.0 = Release|Any CPU
		{FD5C3103-8B41-4ECB-95E0-CE6CBE269160}.AppStore|ARM.Deploy.0 = Release|Any CPU
		{FD5C3103-8B41-4ECB-95E0-CE6CBE269160}.AppStore|iPhone.ActiveCfg = Release|Any CPU
		{FD5C3103-8B41-4ECB-95E0-CE6CBE269160}.AppStore|iPhone.Build.0 = Release|Any CPU
		{FD5C3103-8B41-4ECB-95E0-CE6CBE269160}.AppStore|iPhone.Deploy.0 = Release|Any CPU
		{FD5C3103-8B41-4ECB-95E0-CE6CBE269160}.AppStore|iPhoneSimulator.ActiveCfg = Release|Any CPU
		{FD5C3103-8B41-4ECB-95E0-CE6CBE269160}.AppStore|iPhoneSimulator.Build.0 = Release|Any CPU
		{FD5C3103-8B41-4ECB-95E0-CE6CBE269160}.AppStore|iPhoneSimulator.Deploy.0 = Release|Any CPU
		{FD5C3103-8B41-4ECB-95E0-CE6CBE269160}.AppStore|x64.ActiveCfg = Release|Any CPU
		{FD5C3103-8B41-4ECB-95E0-CE6CBE269160}.AppStore|x64.Build.0 = Release|Any CPU
		{FD5C3103-8B41-4ECB-95E0-CE6CBE269160}.AppStore|x64.Deploy.0 = Release|Any CPU
		{FD5C3103-8B41-4ECB-95E0-CE6CBE269160}.AppStore|x86.ActiveCfg = Release|Any CPU
		{FD5C3103-8B41-4ECB-95E0-CE6CBE269160}.AppStore|x86.Build.0 = Release|Any CPU
		{FD5C3103-8B41-4ECB-95E0-CE6CBE269160}.AppStore|x86.Deploy.0 = Release|Any CPU
		{FD5C3103-8B41-4ECB-95E0-CE6CBE269160}.Debug|Any CPU.ActiveCfg = Debug|Any CPU
		{FD5C3103-8B41-4ECB-95E0-CE6CBE269160}.Debug|Any CPU.Build.0 = Debug|Any CPU
		{FD5C3103-8B41-4ECB-95E0-CE6CBE269160}.Debug|Any CPU.Deploy.0 = Debug|Any CPU
		{FD5C3103-8B41-4ECB-95E0-CE6CBE269160}.Debug|ARM.ActiveCfg = Debug|Any CPU
		{FD5C3103-8B41-4ECB-95E0-CE6CBE269160}.Debug|ARM.Build.0 = Debug|Any CPU
		{FD5C3103-8B41-4ECB-95E0-CE6CBE269160}.Debug|ARM.Deploy.0 = Debug|Any CPU
		{FD5C3103-8B41-4ECB-95E0-CE6CBE269160}.Debug|iPhone.ActiveCfg = Debug|Any CPU
		{FD5C3103-8B41-4ECB-95E0-CE6CBE269160}.Debug|iPhone.Build.0 = Debug|Any CPU
		{FD5C3103-8B41-4ECB-95E0-CE6CBE269160}.Debug|iPhone.Deploy.0 = Debug|Any CPU
		{FD5C3103-8B41-4ECB-95E0-CE6CBE269160}.Debug|iPhoneSimulator.ActiveCfg = Debug|Any CPU
		{FD5C3103-8B41-4ECB-95E0-CE6CBE269160}.Debug|iPhoneSimulator.Build.0 = Debug|Any CPU
		{FD5C3103-8B41-4ECB-95E0-CE6CBE269160}.Debug|iPhoneSimulator.Deploy.0 = Debug|Any CPU
		{FD5C3103-8B41-4ECB-95E0-CE6CBE269160}.Debug|x64.ActiveCfg = Debug|Any CPU
		{FD5C3103-8B41-4ECB-95E0-CE6CBE269160}.Debug|x64.Build.0 = Debug|Any CPU
		{FD5C3103-8B41-4ECB-95E0-CE6CBE269160}.Debug|x64.Deploy.0 = Debug|Any CPU
		{FD5C3103-8B41-4ECB-95E0-CE6CBE269160}.Debug|x86.ActiveCfg = Debug|Any CPU
		{FD5C3103-8B41-4ECB-95E0-CE6CBE269160}.Debug|x86.Build.0 = Debug|Any CPU
		{FD5C3103-8B41-4ECB-95E0-CE6CBE269160}.Debug|x86.Deploy.0 = Debug|Any CPU
		{FD5C3103-8B41-4ECB-95E0-CE6CBE269160}.Release|Any CPU.ActiveCfg = Release|Any CPU
		{FD5C3103-8B41-4ECB-95E0-CE6CBE269160}.Release|Any CPU.Build.0 = Release|Any CPU
		{FD5C3103-8B41-4ECB-95E0-CE6CBE269160}.Release|Any CPU.Deploy.0 = Release|Any CPU
		{FD5C3103-8B41-4ECB-95E0-CE6CBE269160}.Release|ARM.ActiveCfg = Release|Any CPU
		{FD5C3103-8B41-4ECB-95E0-CE6CBE269160}.Release|ARM.Build.0 = Release|Any CPU
		{FD5C3103-8B41-4ECB-95E0-CE6CBE269160}.Release|ARM.Deploy.0 = Release|Any CPU
		{FD5C3103-8B41-4ECB-95E0-CE6CBE269160}.Release|iPhone.ActiveCfg = Release|Any CPU
		{FD5C3103-8B41-4ECB-95E0-CE6CBE269160}.Release|iPhone.Build.0 = Release|Any CPU
		{FD5C3103-8B41-4ECB-95E0-CE6CBE269160}.Release|iPhone.Deploy.0 = Release|Any CPU
		{FD5C3103-8B41-4ECB-95E0-CE6CBE269160}.Release|iPhoneSimulator.ActiveCfg = Release|Any CPU
		{FD5C3103-8B41-4ECB-95E0-CE6CBE269160}.Release|iPhoneSimulator.Build.0 = Release|Any CPU
		{FD5C3103-8B41-4ECB-95E0-CE6CBE269160}.Release|iPhoneSimulator.Deploy.0 = Release|Any CPU
		{FD5C3103-8B41-4ECB-95E0-CE6CBE269160}.Release|x64.ActiveCfg = Release|Any CPU
		{FD5C3103-8B41-4ECB-95E0-CE6CBE269160}.Release|x64.Build.0 = Release|Any CPU
		{FD5C3103-8B41-4ECB-95E0-CE6CBE269160}.Release|x64.Deploy.0 = Release|Any CPU
		{FD5C3103-8B41-4ECB-95E0-CE6CBE269160}.Release|x86.ActiveCfg = Release|Any CPU
		{FD5C3103-8B41-4ECB-95E0-CE6CBE269160}.Release|x86.Build.0 = Release|Any CPU
		{FD5C3103-8B41-4ECB-95E0-CE6CBE269160}.Release|x86.Deploy.0 = Release|Any CPU
		{C8FC90DB-929D-4078-8040-8CDB82E33F77}.Ad-Hoc|Any CPU.ActiveCfg = Ad-Hoc|iPhone
		{C8FC90DB-929D-4078-8040-8CDB82E33F77}.Ad-Hoc|Any CPU.Build.0 = Ad-Hoc|iPhone
		{C8FC90DB-929D-4078-8040-8CDB82E33F77}.Ad-Hoc|Any CPU.Deploy.0 = Ad-Hoc|iPhone
		{C8FC90DB-929D-4078-8040-8CDB82E33F77}.Ad-Hoc|ARM.ActiveCfg = Ad-Hoc|iPhone
		{C8FC90DB-929D-4078-8040-8CDB82E33F77}.Ad-Hoc|ARM.Build.0 = Ad-Hoc|iPhone
		{C8FC90DB-929D-4078-8040-8CDB82E33F77}.Ad-Hoc|ARM.Deploy.0 = Ad-Hoc|iPhone
		{C8FC90DB-929D-4078-8040-8CDB82E33F77}.Ad-Hoc|iPhone.ActiveCfg = Ad-Hoc|iPhone
		{C8FC90DB-929D-4078-8040-8CDB82E33F77}.Ad-Hoc|iPhone.Build.0 = Ad-Hoc|iPhone
		{C8FC90DB-929D-4078-8040-8CDB82E33F77}.Ad-Hoc|iPhone.Deploy.0 = Ad-Hoc|iPhone
		{C8FC90DB-929D-4078-8040-8CDB82E33F77}.Ad-Hoc|iPhoneSimulator.ActiveCfg = Ad-Hoc|iPhoneSimulator
		{C8FC90DB-929D-4078-8040-8CDB82E33F77}.Ad-Hoc|iPhoneSimulator.Build.0 = Ad-Hoc|iPhoneSimulator
		{C8FC90DB-929D-4078-8040-8CDB82E33F77}.Ad-Hoc|iPhoneSimulator.Deploy.0 = Ad-Hoc|iPhoneSimulator
		{C8FC90DB-929D-4078-8040-8CDB82E33F77}.Ad-Hoc|x64.ActiveCfg = Ad-Hoc|iPhone
		{C8FC90DB-929D-4078-8040-8CDB82E33F77}.Ad-Hoc|x64.Build.0 = Ad-Hoc|iPhone
		{C8FC90DB-929D-4078-8040-8CDB82E33F77}.Ad-Hoc|x64.Deploy.0 = Ad-Hoc|iPhone
		{C8FC90DB-929D-4078-8040-8CDB82E33F77}.Ad-Hoc|x86.ActiveCfg = Ad-Hoc|iPhone
		{C8FC90DB-929D-4078-8040-8CDB82E33F77}.Ad-Hoc|x86.Build.0 = Ad-Hoc|iPhone
		{C8FC90DB-929D-4078-8040-8CDB82E33F77}.Ad-Hoc|x86.Deploy.0 = Ad-Hoc|iPhone
		{C8FC90DB-929D-4078-8040-8CDB82E33F77}.AppStore|Any CPU.ActiveCfg = AppStore|iPhone
		{C8FC90DB-929D-4078-8040-8CDB82E33F77}.AppStore|Any CPU.Build.0 = AppStore|iPhone
		{C8FC90DB-929D-4078-8040-8CDB82E33F77}.AppStore|Any CPU.Deploy.0 = AppStore|iPhone
		{C8FC90DB-929D-4078-8040-8CDB82E33F77}.AppStore|ARM.ActiveCfg = AppStore|iPhone
		{C8FC90DB-929D-4078-8040-8CDB82E33F77}.AppStore|ARM.Build.0 = AppStore|iPhone
		{C8FC90DB-929D-4078-8040-8CDB82E33F77}.AppStore|ARM.Deploy.0 = AppStore|iPhone
		{C8FC90DB-929D-4078-8040-8CDB82E33F77}.AppStore|iPhone.ActiveCfg = AppStore|iPhone
		{C8FC90DB-929D-4078-8040-8CDB82E33F77}.AppStore|iPhone.Build.0 = AppStore|iPhone
		{C8FC90DB-929D-4078-8040-8CDB82E33F77}.AppStore|iPhone.Deploy.0 = AppStore|iPhone
		{C8FC90DB-929D-4078-8040-8CDB82E33F77}.AppStore|iPhoneSimulator.ActiveCfg = AppStore|iPhoneSimulator
		{C8FC90DB-929D-4078-8040-8CDB82E33F77}.AppStore|iPhoneSimulator.Build.0 = AppStore|iPhoneSimulator
		{C8FC90DB-929D-4078-8040-8CDB82E33F77}.AppStore|iPhoneSimulator.Deploy.0 = AppStore|iPhoneSimulator
		{C8FC90DB-929D-4078-8040-8CDB82E33F77}.AppStore|x64.ActiveCfg = AppStore|iPhone
		{C8FC90DB-929D-4078-8040-8CDB82E33F77}.AppStore|x64.Build.0 = AppStore|iPhone
		{C8FC90DB-929D-4078-8040-8CDB82E33F77}.AppStore|x64.Deploy.0 = AppStore|iPhone
		{C8FC90DB-929D-4078-8040-8CDB82E33F77}.AppStore|x86.ActiveCfg = AppStore|iPhone
		{C8FC90DB-929D-4078-8040-8CDB82E33F77}.AppStore|x86.Build.0 = AppStore|iPhone
		{C8FC90DB-929D-4078-8040-8CDB82E33F77}.AppStore|x86.Deploy.0 = AppStore|iPhone
		{C8FC90DB-929D-4078-8040-8CDB82E33F77}.Debug|Any CPU.ActiveCfg = Debug|iPhoneSimulator
		{C8FC90DB-929D-4078-8040-8CDB82E33F77}.Debug|Any CPU.Build.0 = Debug|iPhoneSimulator
		{C8FC90DB-929D-4078-8040-8CDB82E33F77}.Debug|Any CPU.Deploy.0 = Debug|iPhoneSimulator
		{C8FC90DB-929D-4078-8040-8CDB82E33F77}.Debug|ARM.ActiveCfg = Debug|iPhone
		{C8FC90DB-929D-4078-8040-8CDB82E33F77}.Debug|ARM.Build.0 = Debug|iPhone
		{C8FC90DB-929D-4078-8040-8CDB82E33F77}.Debug|ARM.Deploy.0 = Debug|iPhone
		{C8FC90DB-929D-4078-8040-8CDB82E33F77}.Debug|iPhone.ActiveCfg = Debug|iPhone
		{C8FC90DB-929D-4078-8040-8CDB82E33F77}.Debug|iPhone.Build.0 = Debug|iPhone
		{C8FC90DB-929D-4078-8040-8CDB82E33F77}.Debug|iPhone.Deploy.0 = Debug|iPhone
		{C8FC90DB-929D-4078-8040-8CDB82E33F77}.Debug|iPhoneSimulator.ActiveCfg = Debug|iPhoneSimulator
		{C8FC90DB-929D-4078-8040-8CDB82E33F77}.Debug|iPhoneSimulator.Build.0 = Debug|iPhoneSimulator
		{C8FC90DB-929D-4078-8040-8CDB82E33F77}.Debug|iPhoneSimulator.Deploy.0 = Debug|iPhoneSimulator
		{C8FC90DB-929D-4078-8040-8CDB82E33F77}.Debug|x64.ActiveCfg = Debug|iPhone
		{C8FC90DB-929D-4078-8040-8CDB82E33F77}.Debug|x64.Build.0 = Debug|iPhone
		{C8FC90DB-929D-4078-8040-8CDB82E33F77}.Debug|x64.Deploy.0 = Debug|iPhone
		{C8FC90DB-929D-4078-8040-8CDB82E33F77}.Debug|x86.ActiveCfg = Debug|iPhone
		{C8FC90DB-929D-4078-8040-8CDB82E33F77}.Debug|x86.Build.0 = Debug|iPhone
		{C8FC90DB-929D-4078-8040-8CDB82E33F77}.Debug|x86.Deploy.0 = Debug|iPhone
		{C8FC90DB-929D-4078-8040-8CDB82E33F77}.Release|Any CPU.ActiveCfg = Release|iPhone
		{C8FC90DB-929D-4078-8040-8CDB82E33F77}.Release|Any CPU.Build.0 = Release|iPhone
		{C8FC90DB-929D-4078-8040-8CDB82E33F77}.Release|Any CPU.Deploy.0 = Release|iPhone
		{C8FC90DB-929D-4078-8040-8CDB82E33F77}.Release|ARM.ActiveCfg = Release|iPhone
		{C8FC90DB-929D-4078-8040-8CDB82E33F77}.Release|ARM.Build.0 = Release|iPhone
		{C8FC90DB-929D-4078-8040-8CDB82E33F77}.Release|ARM.Deploy.0 = Release|iPhone
		{C8FC90DB-929D-4078-8040-8CDB82E33F77}.Release|iPhone.ActiveCfg = Release|iPhone
		{C8FC90DB-929D-4078-8040-8CDB82E33F77}.Release|iPhone.Build.0 = Release|iPhone
		{C8FC90DB-929D-4078-8040-8CDB82E33F77}.Release|iPhone.Deploy.0 = Release|iPhone
		{C8FC90DB-929D-4078-8040-8CDB82E33F77}.Release|iPhoneSimulator.ActiveCfg = Release|iPhoneSimulator
		{C8FC90DB-929D-4078-8040-8CDB82E33F77}.Release|iPhoneSimulator.Build.0 = Release|iPhoneSimulator
		{C8FC90DB-929D-4078-8040-8CDB82E33F77}.Release|iPhoneSimulator.Deploy.0 = Release|iPhoneSimulator
		{C8FC90DB-929D-4078-8040-8CDB82E33F77}.Release|x64.ActiveCfg = Release|iPhone
		{C8FC90DB-929D-4078-8040-8CDB82E33F77}.Release|x64.Build.0 = Release|iPhone
		{C8FC90DB-929D-4078-8040-8CDB82E33F77}.Release|x64.Deploy.0 = Release|iPhone
		{C8FC90DB-929D-4078-8040-8CDB82E33F77}.Release|x86.ActiveCfg = Release|iPhone
		{C8FC90DB-929D-4078-8040-8CDB82E33F77}.Release|x86.Build.0 = Release|iPhone
		{C8FC90DB-929D-4078-8040-8CDB82E33F77}.Release|x86.Deploy.0 = Release|iPhone
		{B3420C8A-5083-4FC8-B04C-84CCEEAD0FB6}.Ad-Hoc|Any CPU.ActiveCfg = Release|x86
		{B3420C8A-5083-4FC8-B04C-84CCEEAD0FB6}.Ad-Hoc|Any CPU.Build.0 = Release|x86
		{B3420C8A-5083-4FC8-B04C-84CCEEAD0FB6}.Ad-Hoc|Any CPU.Deploy.0 = Release|x86
		{B3420C8A-5083-4FC8-B04C-84CCEEAD0FB6}.Ad-Hoc|ARM.ActiveCfg = Release|ARM
		{B3420C8A-5083-4FC8-B04C-84CCEEAD0FB6}.Ad-Hoc|ARM.Build.0 = Release|ARM
		{B3420C8A-5083-4FC8-B04C-84CCEEAD0FB6}.Ad-Hoc|ARM.Deploy.0 = Release|ARM
		{B3420C8A-5083-4FC8-B04C-84CCEEAD0FB6}.Ad-Hoc|iPhone.ActiveCfg = Release|x86
		{B3420C8A-5083-4FC8-B04C-84CCEEAD0FB6}.Ad-Hoc|iPhone.Build.0 = Release|x86
		{B3420C8A-5083-4FC8-B04C-84CCEEAD0FB6}.Ad-Hoc|iPhone.Deploy.0 = Release|x86
		{B3420C8A-5083-4FC8-B04C-84CCEEAD0FB6}.Ad-Hoc|iPhoneSimulator.ActiveCfg = Release|x86
		{B3420C8A-5083-4FC8-B04C-84CCEEAD0FB6}.Ad-Hoc|iPhoneSimulator.Build.0 = Release|x86
		{B3420C8A-5083-4FC8-B04C-84CCEEAD0FB6}.Ad-Hoc|iPhoneSimulator.Deploy.0 = Release|x86
		{B3420C8A-5083-4FC8-B04C-84CCEEAD0FB6}.Ad-Hoc|x64.ActiveCfg = Release|x64
		{B3420C8A-5083-4FC8-B04C-84CCEEAD0FB6}.Ad-Hoc|x64.Build.0 = Release|x64
		{B3420C8A-5083-4FC8-B04C-84CCEEAD0FB6}.Ad-Hoc|x64.Deploy.0 = Release|x64
		{B3420C8A-5083-4FC8-B04C-84CCEEAD0FB6}.Ad-Hoc|x86.ActiveCfg = Release|x86
		{B3420C8A-5083-4FC8-B04C-84CCEEAD0FB6}.Ad-Hoc|x86.Build.0 = Release|x86
		{B3420C8A-5083-4FC8-B04C-84CCEEAD0FB6}.Ad-Hoc|x86.Deploy.0 = Release|x86
		{B3420C8A-5083-4FC8-B04C-84CCEEAD0FB6}.AppStore|Any CPU.ActiveCfg = Release|x86
		{B3420C8A-5083-4FC8-B04C-84CCEEAD0FB6}.AppStore|Any CPU.Build.0 = Release|x86
		{B3420C8A-5083-4FC8-B04C-84CCEEAD0FB6}.AppStore|Any CPU.Deploy.0 = Release|x86
		{B3420C8A-5083-4FC8-B04C-84CCEEAD0FB6}.AppStore|ARM.ActiveCfg = Release|ARM
		{B3420C8A-5083-4FC8-B04C-84CCEEAD0FB6}.AppStore|ARM.Build.0 = Release|ARM
		{B3420C8A-5083-4FC8-B04C-84CCEEAD0FB6}.AppStore|ARM.Deploy.0 = Release|ARM
		{B3420C8A-5083-4FC8-B04C-84CCEEAD0FB6}.AppStore|iPhone.ActiveCfg = Release|x86
		{B3420C8A-5083-4FC8-B04C-84CCEEAD0FB6}.AppStore|iPhone.Build.0 = Release|x86
		{B3420C8A-5083-4FC8-B04C-84CCEEAD0FB6}.AppStore|iPhone.Deploy.0 = Release|x86
		{B3420C8A-5083-4FC8-B04C-84CCEEAD0FB6}.AppStore|iPhoneSimulator.ActiveCfg = Release|x86
		{B3420C8A-5083-4FC8-B04C-84CCEEAD0FB6}.AppStore|iPhoneSimulator.Build.0 = Release|x86
		{B3420C8A-5083-4FC8-B04C-84CCEEAD0FB6}.AppStore|iPhoneSimulator.Deploy.0 = Release|x86
		{B3420C8A-5083-4FC8-B04C-84CCEEAD0FB6}.AppStore|x64.ActiveCfg = Release|x64
		{B3420C8A-5083-4FC8-B04C-84CCEEAD0FB6}.AppStore|x64.Build.0 = Release|x64
		{B3420C8A-5083-4FC8-B04C-84CCEEAD0FB6}.AppStore|x64.Deploy.0 = Release|x64
		{B3420C8A-5083-4FC8-B04C-84CCEEAD0FB6}.AppStore|x86.ActiveCfg = Release|x86
		{B3420C8A-5083-4FC8-B04C-84CCEEAD0FB6}.AppStore|x86.Build.0 = Release|x86
		{B3420C8A-5083-4FC8-B04C-84CCEEAD0FB6}.AppStore|x86.Deploy.0 = Release|x86
		{B3420C8A-5083-4FC8-B04C-84CCEEAD0FB6}.Debug|Any CPU.ActiveCfg = Debug|x86
		{B3420C8A-5083-4FC8-B04C-84CCEEAD0FB6}.Debug|Any CPU.Build.0 = Debug|x86
		{B3420C8A-5083-4FC8-B04C-84CCEEAD0FB6}.Debug|Any CPU.Deploy.0 = Debug|x86
		{B3420C8A-5083-4FC8-B04C-84CCEEAD0FB6}.Debug|ARM.ActiveCfg = Debug|ARM
		{B3420C8A-5083-4FC8-B04C-84CCEEAD0FB6}.Debug|ARM.Build.0 = Debug|ARM
		{B3420C8A-5083-4FC8-B04C-84CCEEAD0FB6}.Debug|ARM.Deploy.0 = Debug|ARM
		{B3420C8A-5083-4FC8-B04C-84CCEEAD0FB6}.Debug|iPhone.ActiveCfg = Debug|x86
		{B3420C8A-5083-4FC8-B04C-84CCEEAD0FB6}.Debug|iPhone.Build.0 = Debug|x86
		{B3420C8A-5083-4FC8-B04C-84CCEEAD0FB6}.Debug|iPhone.Deploy.0 = Debug|x86
		{B3420C8A-5083-4FC8-B04C-84CCEEAD0FB6}.Debug|iPhoneSimulator.ActiveCfg = Debug|x86
		{B3420C8A-5083-4FC8-B04C-84CCEEAD0FB6}.Debug|iPhoneSimulator.Build.0 = Debug|x86
		{B3420C8A-5083-4FC8-B04C-84CCEEAD0FB6}.Debug|iPhoneSimulator.Deploy.0 = Debug|x86
		{B3420C8A-5083-4FC8-B04C-84CCEEAD0FB6}.Debug|x64.ActiveCfg = Debug|x64
		{B3420C8A-5083-4FC8-B04C-84CCEEAD0FB6}.Debug|x64.Build.0 = Debug|x64
		{B3420C8A-5083-4FC8-B04C-84CCEEAD0FB6}.Debug|x64.Deploy.0 = Debug|x64
		{B3420C8A-5083-4FC8-B04C-84CCEEAD0FB6}.Debug|x86.ActiveCfg = Debug|x86
		{B3420C8A-5083-4FC8-B04C-84CCEEAD0FB6}.Debug|x86.Build.0 = Debug|x86
		{B3420C8A-5083-4FC8-B04C-84CCEEAD0FB6}.Debug|x86.Deploy.0 = Debug|x86
		{B3420C8A-5083-4FC8-B04C-84CCEEAD0FB6}.Release|Any CPU.ActiveCfg = Release|x86
		{B3420C8A-5083-4FC8-B04C-84CCEEAD0FB6}.Release|Any CPU.Build.0 = Release|x86
		{B3420C8A-5083-4FC8-B04C-84CCEEAD0FB6}.Release|Any CPU.Deploy.0 = Release|x86
		{B3420C8A-5083-4FC8-B04C-84CCEEAD0FB6}.Release|ARM.ActiveCfg = Release|ARM
		{B3420C8A-5083-4FC8-B04C-84CCEEAD0FB6}.Release|ARM.Build.0 = Release|ARM
		{B3420C8A-5083-4FC8-B04C-84CCEEAD0FB6}.Release|ARM.Deploy.0 = Release|ARM
		{B3420C8A-5083-4FC8-B04C-84CCEEAD0FB6}.Release|iPhone.ActiveCfg = Release|x86
		{B3420C8A-5083-4FC8-B04C-84CCEEAD0FB6}.Release|iPhone.Build.0 = Release|x86
		{B3420C8A-5083-4FC8-B04C-84CCEEAD0FB6}.Release|iPhone.Deploy.0 = Release|x86
		{B3420C8A-5083-4FC8-B04C-84CCEEAD0FB6}.Release|iPhoneSimulator.ActiveCfg = Release|x86
		{B3420C8A-5083-4FC8-B04C-84CCEEAD0FB6}.Release|iPhoneSimulator.Build.0 = Release|x86
		{B3420C8A-5083-4FC8-B04C-84CCEEAD0FB6}.Release|iPhoneSimulator.Deploy.0 = Release|x86
		{B3420C8A-5083-4FC8-B04C-84CCEEAD0FB6}.Release|x64.ActiveCfg = Release|x64
		{B3420C8A-5083-4FC8-B04C-84CCEEAD0FB6}.Release|x64.Build.0 = Release|x64
		{B3420C8A-5083-4FC8-B04C-84CCEEAD0FB6}.Release|x64.Deploy.0 = Release|x64
		{B3420C8A-5083-4FC8-B04C-84CCEEAD0FB6}.Release|x86.ActiveCfg = Release|x86
		{B3420C8A-5083-4FC8-B04C-84CCEEAD0FB6}.Release|x86.Build.0 = Release|x86
		{B3420C8A-5083-4FC8-B04C-84CCEEAD0FB6}.Release|x86.Deploy.0 = Release|x86
		{6C2B7EE8-395E-4003-BB21-052EF603BC52}.Ad-Hoc|Any CPU.ActiveCfg = Debug|Any CPU
		{6C2B7EE8-395E-4003-BB21-052EF603BC52}.Ad-Hoc|Any CPU.Build.0 = Debug|Any CPU
		{6C2B7EE8-395E-4003-BB21-052EF603BC52}.Ad-Hoc|Any CPU.Deploy.0 = Debug|Any CPU
		{6C2B7EE8-395E-4003-BB21-052EF603BC52}.Ad-Hoc|ARM.ActiveCfg = Debug|Any CPU
		{6C2B7EE8-395E-4003-BB21-052EF603BC52}.Ad-Hoc|ARM.Build.0 = Debug|Any CPU
		{6C2B7EE8-395E-4003-BB21-052EF603BC52}.Ad-Hoc|ARM.Deploy.0 = Debug|Any CPU
		{6C2B7EE8-395E-4003-BB21-052EF603BC52}.Ad-Hoc|iPhone.ActiveCfg = Debug|Any CPU
		{6C2B7EE8-395E-4003-BB21-052EF603BC52}.Ad-Hoc|iPhone.Build.0 = Debug|Any CPU
		{6C2B7EE8-395E-4003-BB21-052EF603BC52}.Ad-Hoc|iPhone.Deploy.0 = Debug|Any CPU
		{6C2B7EE8-395E-4003-BB21-052EF603BC52}.Ad-Hoc|iPhoneSimulator.ActiveCfg = Debug|Any CPU
		{6C2B7EE8-395E-4003-BB21-052EF603BC52}.Ad-Hoc|iPhoneSimulator.Build.0 = Debug|Any CPU
		{6C2B7EE8-395E-4003-BB21-052EF603BC52}.Ad-Hoc|iPhoneSimulator.Deploy.0 = Debug|Any CPU
		{6C2B7EE8-395E-4003-BB21-052EF603BC52}.Ad-Hoc|x64.ActiveCfg = Debug|Any CPU
		{6C2B7EE8-395E-4003-BB21-052EF603BC52}.Ad-Hoc|x64.Build.0 = Debug|Any CPU
		{6C2B7EE8-395E-4003-BB21-052EF603BC52}.Ad-Hoc|x64.Deploy.0 = Debug|Any CPU
		{6C2B7EE8-395E-4003-BB21-052EF603BC52}.Ad-Hoc|x86.ActiveCfg = Debug|Any CPU
		{6C2B7EE8-395E-4003-BB21-052EF603BC52}.Ad-Hoc|x86.Build.0 = Debug|Any CPU
		{6C2B7EE8-395E-4003-BB21-052EF603BC52}.Ad-Hoc|x86.Deploy.0 = Debug|Any CPU
		{6C2B7EE8-395E-4003-BB21-052EF603BC52}.AppStore|Any CPU.ActiveCfg = Debug|Any CPU
		{6C2B7EE8-395E-4003-BB21-052EF603BC52}.AppStore|Any CPU.Build.0 = Debug|Any CPU
		{6C2B7EE8-395E-4003-BB21-052EF603BC52}.AppStore|Any CPU.Deploy.0 = Debug|Any CPU
		{6C2B7EE8-395E-4003-BB21-052EF603BC52}.AppStore|ARM.ActiveCfg = Debug|Any CPU
		{6C2B7EE8-395E-4003-BB21-052EF603BC52}.AppStore|ARM.Build.0 = Debug|Any CPU
		{6C2B7EE8-395E-4003-BB21-052EF603BC52}.AppStore|ARM.Deploy.0 = Debug|Any CPU
		{6C2B7EE8-395E-4003-BB21-052EF603BC52}.AppStore|iPhone.ActiveCfg = Debug|Any CPU
		{6C2B7EE8-395E-4003-BB21-052EF603BC52}.AppStore|iPhone.Build.0 = Debug|Any CPU
		{6C2B7EE8-395E-4003-BB21-052EF603BC52}.AppStore|iPhone.Deploy.0 = Debug|Any CPU
		{6C2B7EE8-395E-4003-BB21-052EF603BC52}.AppStore|iPhoneSimulator.ActiveCfg = Debug|Any CPU
		{6C2B7EE8-395E-4003-BB21-052EF603BC52}.AppStore|iPhoneSimulator.Build.0 = Debug|Any CPU
		{6C2B7EE8-395E-4003-BB21-052EF603BC52}.AppStore|iPhoneSimulator.Deploy.0 = Debug|Any CPU
		{6C2B7EE8-395E-4003-BB21-052EF603BC52}.AppStore|x64.ActiveCfg = Debug|Any CPU
		{6C2B7EE8-395E-4003-BB21-052EF603BC52}.AppStore|x64.Build.0 = Debug|Any CPU
		{6C2B7EE8-395E-4003-BB21-052EF603BC52}.AppStore|x64.Deploy.0 = Debug|Any CPU
		{6C2B7EE8-395E-4003-BB21-052EF603BC52}.AppStore|x86.ActiveCfg = Debug|Any CPU
		{6C2B7EE8-395E-4003-BB21-052EF603BC52}.AppStore|x86.Build.0 = Debug|Any CPU
		{6C2B7EE8-395E-4003-BB21-052EF603BC52}.AppStore|x86.Deploy.0 = Debug|Any CPU
		{6C2B7EE8-395E-4003-BB21-052EF603BC52}.Debug|Any CPU.ActiveCfg = Debug|Any CPU
		{6C2B7EE8-395E-4003-BB21-052EF603BC52}.Debug|Any CPU.Build.0 = Debug|Any CPU
		{6C2B7EE8-395E-4003-BB21-052EF603BC52}.Debug|Any CPU.Deploy.0 = Debug|Any CPU
		{6C2B7EE8-395E-4003-BB21-052EF603BC52}.Debug|ARM.ActiveCfg = Debug|Any CPU
		{6C2B7EE8-395E-4003-BB21-052EF603BC52}.Debug|ARM.Build.0 = Debug|Any CPU
		{6C2B7EE8-395E-4003-BB21-052EF603BC52}.Debug|ARM.Deploy.0 = Debug|Any CPU
		{6C2B7EE8-395E-4003-BB21-052EF603BC52}.Debug|iPhone.ActiveCfg = Debug|Any CPU
		{6C2B7EE8-395E-4003-BB21-052EF603BC52}.Debug|iPhone.Build.0 = Debug|Any CPU
		{6C2B7EE8-395E-4003-BB21-052EF603BC52}.Debug|iPhone.Deploy.0 = Debug|Any CPU
		{6C2B7EE8-395E-4003-BB21-052EF603BC52}.Debug|iPhoneSimulator.ActiveCfg = Debug|Any CPU
		{6C2B7EE8-395E-4003-BB21-052EF603BC52}.Debug|iPhoneSimulator.Build.0 = Debug|Any CPU
		{6C2B7EE8-395E-4003-BB21-052EF603BC52}.Debug|iPhoneSimulator.Deploy.0 = Debug|Any CPU
		{6C2B7EE8-395E-4003-BB21-052EF603BC52}.Debug|x64.ActiveCfg = Debug|Any CPU
		{6C2B7EE8-395E-4003-BB21-052EF603BC52}.Debug|x64.Build.0 = Debug|Any CPU
		{6C2B7EE8-395E-4003-BB21-052EF603BC52}.Debug|x64.Deploy.0 = Debug|Any CPU
		{6C2B7EE8-395E-4003-BB21-052EF603BC52}.Debug|x86.ActiveCfg = Debug|Any CPU
		{6C2B7EE8-395E-4003-BB21-052EF603BC52}.Debug|x86.Build.0 = Debug|Any CPU
		{6C2B7EE8-395E-4003-BB21-052EF603BC52}.Debug|x86.Deploy.0 = Debug|Any CPU
		{6C2B7EE8-395E-4003-BB21-052EF603BC52}.Release|Any CPU.ActiveCfg = Release|Any CPU
		{6C2B7EE8-395E-4003-BB21-052EF603BC52}.Release|Any CPU.Build.0 = Release|Any CPU
		{6C2B7EE8-395E-4003-BB21-052EF603BC52}.Release|Any CPU.Deploy.0 = Release|Any CPU
		{6C2B7EE8-395E-4003-BB21-052EF603BC52}.Release|ARM.ActiveCfg = Release|Any CPU
		{6C2B7EE8-395E-4003-BB21-052EF603BC52}.Release|ARM.Build.0 = Release|Any CPU
		{6C2B7EE8-395E-4003-BB21-052EF603BC52}.Release|ARM.Deploy.0 = Release|Any CPU
		{6C2B7EE8-395E-4003-BB21-052EF603BC52}.Release|iPhone.ActiveCfg = Release|Any CPU
		{6C2B7EE8-395E-4003-BB21-052EF603BC52}.Release|iPhone.Build.0 = Release|Any CPU
		{6C2B7EE8-395E-4003-BB21-052EF603BC52}.Release|iPhone.Deploy.0 = Release|Any CPU
		{6C2B7EE8-395E-4003-BB21-052EF603BC52}.Release|iPhoneSimulator.ActiveCfg = Release|Any CPU
		{6C2B7EE8-395E-4003-BB21-052EF603BC52}.Release|iPhoneSimulator.Build.0 = Release|Any CPU
		{6C2B7EE8-395E-4003-BB21-052EF603BC52}.Release|iPhoneSimulator.Deploy.0 = Release|Any CPU
		{6C2B7EE8-395E-4003-BB21-052EF603BC52}.Release|x64.ActiveCfg = Release|Any CPU
		{6C2B7EE8-395E-4003-BB21-052EF603BC52}.Release|x64.Build.0 = Release|Any CPU
		{6C2B7EE8-395E-4003-BB21-052EF603BC52}.Release|x64.Deploy.0 = Release|Any CPU
		{6C2B7EE8-395E-4003-BB21-052EF603BC52}.Release|x86.ActiveCfg = Release|Any CPU
		{6C2B7EE8-395E-4003-BB21-052EF603BC52}.Release|x86.Build.0 = Release|Any CPU
		{6C2B7EE8-395E-4003-BB21-052EF603BC52}.Release|x86.Deploy.0 = Release|Any CPU
	EndGlobalSection
	GlobalSection(SolutionProperties) = preSolution
		HideSolutionNode = FALSE
	EndGlobalSection
	GlobalSection(ExtensibilityGlobals) = postSolution
		SolutionGuid = {924C8281-8BBD-49F0-9A2F-6065BA2F6839}
	EndGlobalSection
EndGlobal
